// !$*UTF8*$!
{
	archiveVersion = 1;
	classes = {
	};
	objectVersion = 48;
	objects = {

/* Begin PBXBuildFile section */
		E426B3DC1FCC44AA0063EB4A /* Car.m in Sources */ = {isa = PBXBuildFile; fileRef = E426B3DB1FCC44AA0063EB4A /* Car.m */; };
		E447EE991FCC0AAB00134E5F /* main.m in Sources */ = {isa = PBXBuildFile; fileRef = E447EE981FCC0AAB00134E5F /* main.m */; };
		E447EEA11FCC0ACC00134E5F /* Person.m in Sources */ = {isa = PBXBuildFile; fileRef = E447EEA01FCC0ACC00134E5F /* Person.m */; };
		E46B00C91FCD570200D6C648 /* Dog.m in Sources */ = {isa = PBXBuildFile; fileRef = E46B00C81FCD570200D6C648 /* Dog.m */; };
/* End PBXBuildFile section */

/* Begin PBXCopyFilesBuildPhase section */
		E447EE931FCC0AAB00134E5F /* CopyFiles */ = {
			isa = PBXCopyFilesBuildPhase;
			buildActionMask = 2147483647;
			dstPath = /usr/share/man/man1/;
			dstSubfolderSpec = 0;
			files = (
			);
			runOnlyForDeploymentPostprocessing = 1;
		};
/* End PBXCopyFilesBuildPhase section */

/* Begin PBXFileReference section */
		E426B3DA1FCC44AA0063EB4A /* Car.h */ = {isa = PBXFileReference; lastKnownFileType = sourcecode.c.h; path = Car.h; sourceTree = "<group>"; };
		E426B3DB1FCC44AA0063EB4A /* Car.m */ = {isa = PBXFileReference; lastKnownFileType = sourcecode.c.objc; path = Car.m; sourceTree = "<group>"; };
		E447EE951FCC0AAB00134E5F /* 06-@property和@synthesize */ = {isa = PBXFileReference; explicitFileType = "compiled.mach-o.executable"; includeInIndex = 0; path = "06-@property和@synthesize"; sourceTree = BUILT_PRODUCTS_DIR; };
		E447EE981FCC0AAB00134E5F /* main.m */ = {isa = PBXFileReference; lastKnownFileType = sourcecode.c.objc; path = main.m; sourceTree = "<group>"; };
		E447EE9F1FCC0ACC00134E5F /* Person.h */ = {isa = PBXFileReference; lastKnownFileType = sourcecode.c.h; path = Person.h; sourceTree = "<group>"; };
		E447EEA01FCC0ACC00134E5F /* Person.m */ = {isa = PBXFileReference; lastKnownFileType = sourcecode.c.objc; path = Person.m; sourceTree = "<group>"; };
		E46B00C71FCD570200D6C648 /* Dog.h */ = {isa = PBXFileReference; lastKnownFileType = sourcecode.c.h; path = Dog.h; sourceTree = "<group>"; };
		E46B00C81FCD570200D6C648 /* Dog.m */ = {isa = PBXFileReference; lastKnownFileType = sourcecode.c.objc; path = Dog.m; sourceTree = "<group>"; };
/* End PBXFileReference section */

/* Begin PBXFrameworksBuildPhase section */
		E447EE921FCC0AAB00134E5F /* Frameworks */ = {
			isa = PBXFrameworksBuildPhase;
			buildActionMask = 2147483647;
			files = (
			);
			runOnlyForDeploymentPostprocessing = 0;
		};
/* End PBXFrameworksBuildPhase section */

/* Begin PBXGroup section */
		E447EE8C1FCC0AAB00134E5F = {
			isa = PBXGroup;
			children = (
				E447EE971FCC0AAB00134E5F /* 06-@property和@synthesize */,
				E447EE961FCC0AAB00134E5F /* Products */,
			);
			sourceTree = "<group>";
		};
		E447EE961FCC0AAB00134E5F /* Products */ = {
			isa = PBXGroup;
			children = (
				E447EE951FCC0AAB00134E5F /* 06-@property和@synthesize */,
			);
			name = Products;
			sourceTree = "<group>";
		};
		E447EE971FCC0AAB00134E5F /* 06-@property和@synthesize */ = {
			isa = PBXGroup;
			children = (
				E447EE981FCC0AAB00134E5F /* main.m */,
				E447EE9F1FCC0ACC00134E5F /* Person.h */,
				E447EEA01FCC0ACC00134E5F /* Person.m */,
				E426B3DA1FCC44AA0063EB4A /* Car.h */,
				E426B3DB1FCC44AA0063EB4A /* Car.m */,
				E46B00C71FCD570200D6C648 /* Dog.h */,
				E46B00C81FCD570200D6C648 /* Dog.m */,
			);
			path = "06-@property和@synthesize";
			sourceTree = "<group>";
		};
/* End PBXGroup section */

/* Begin PBXNativeTarget section */
		E447EE941FCC0AAB00134E5F /* 06-@property和@synthesize */ = {
			isa = PBXNativeTarget;
			buildConfigurationList = E447EE9C1FCC0AAB00134E5F /* Build configuration list for PBXNativeTarget "06-@property和@synthesize" */;
			buildPhases = (
				E447EE911FCC0AAB00134E5F /* Sources */,
				E447EE921FCC0AAB00134E5F /* Frameworks */,
				E447EE931FCC0AAB00134E5F /* CopyFiles */,
			);
			buildRules = (
			);
			dependencies = (
			);
			name = "06-@property和@synthesize";
			productName = "06-@property和@synthesize";
			productReference = E447EE951FCC0AAB00134E5F /* 06-@property和@synthesize */;
			productType = "com.apple.product-type.tool";
		};
/* End PBXNativeTarget section */

/* Begin PBXProject section */
		E447EE8D1FCC0AAB00134E5F /* Project object */ = {
			isa = PBXProject;
			attributes = {
				LastUpgradeCheck = 0910;
				ORGANIZATIONNAME = captain;
				TargetAttributes = {
					E447EE941FCC0AAB00134E5F = {
						CreatedOnToolsVersion = 9.1;
						ProvisioningStyle = Automatic;
					};
				};
			};
			buildConfigurationList = E447EE901FCC0AAB00134E5F /* Build configuration list for PBXProject "06-@property和@synthesize" */;
			compatibilityVersion = "Xcode 8.0";
			developmentRegion = en;
			hasScannedForEncodings = 0;
			knownRegions = (
				en,
			);
			mainGroup = E447EE8C1FCC0AAB00134E5F;
			productRefGroup = E447EE961FCC0AAB00134E5F /* Products */;
			projectDirPath = "";
			projectRoot = "";
			targets = (
				E447EE941FCC0AAB00134E5F /* 06-@property和@synthesize */,
			);
		};
/* End PBXProject section */

/* Begin PBXSourcesBuildPhase section */
		E447EE911FCC0AAB00134E5F /* Sources */ = {
			isa = PBXSourcesBuildPhase;
			buildActionMask = 2147483647;
			files = (
				E426B3DC1FCC44AA0063EB4A /* Car.m in Sources */,
				E447EEA11FCC0ACC00134E5F /* Person.m in Sources */,
				E46B00C91FCD570200D6C648 /* Dog.m in Sources */,
				E447EE991FCC0AAB00134E5F /* main.m in Sources */,
			);
			runOnlyForDeploymentPostprocessing = 0;
		};
/* End PBXSourcesBuildPhase section */

/* Begin XCBuildConfiguration section */
		E447EE9A1FCC0AAB00134E5F /* Debug */ = {
			isa = XCBuildConfiguration;
			buildSettings = {
				ALWAYS_SEARCH_USER_PATHS = NO;
				CLANG_ANALYZER_NONNULL = YES;
				CLANG_ANALYZER_NUMBER_OBJECT_CONVERSION = YES_AGGRESSIVE;
				CLANG_CXX_LANGUAGE_STANDARD = "gnu++14";
				CLANG_CXX_LIBRARY = "libc++";
				CLANG_ENABLE_MODULES = YES;
				CLANG_ENABLE_OBJC_ARC = YES;
				CLANG_WARN_BLOCK_CAPTURE_AUTORELEASING = YES;
				CLANG_WARN_BOOL_CONVERSION = YES;
				CLANG_WARN_COMMA = YES;
				CLANG_WARN_CONSTANT_CONVERSION = YES;
				CLANG_WARN_DIRECT_OBJC_ISA_USAGE = YES_ERROR;
				CLANG_WARN_DOCUMENTATION_COMMENTS = YES;
				CLANG_WARN_EMPTY_BODY = YES;
				CLANG_WARN_ENUM_CONVERSION = YES;
				CLANG_WARN_INFINITE_RECURSION = YES;
				CLANG_WARN_INT_CONVERSION = YES;
				CLANG_WARN_NON_LITERAL_NULL_CONVERSION = YES;
				CLANG_WARN_OBJC_LITERAL_CONVERSION = YES;
				CLANG_WARN_OBJC_ROOT_CLASS = YES_ERROR;
				CLANG_WARN_RANGE_LOOP_ANALYSIS = YES;
				CLANG_WARN_STRICT_PROTOTYPES = YES;
				CLANG_WARN_SUSPICIOUS_MOVE = YES;
				CLANG_WARN_UNGUARDED_AVAILABILITY = YES_AGGRESSIVE;
				CLANG_WARN_UNREACHABLE_CODE = YES;
				CLANG_WARN__DUPLICATE_METHOD_MATCH = YES;
				CODE_SIGN_IDENTITY = "Mac Developer";
				COPY_PHASE_STRIP = NO;
				DEBUG_INFORMATION_FORMAT = dwarf;
				ENABLE_STRICT_OBJC_MSGSEND = YES;
				ENABLE_TESTABILITY = YES;
				GCC_C_LANGUAGE_STANDARD = gnu11;
				GCC_DYNAMIC_NO_PIC = NO;
				GCC_NO_COMMON_BLOCKS = YES;
				GCC_OPTIMIZATION_LEVEL = 0;
				GCC_PREPROCESSOR_DEFINITIONS = (
					"DEBUG=1",
					"$(inherited)",
				);
				GCC_WARN_64_TO_32_BIT_CONVERSION = YES;
				GCC_WARN_ABOUT_RETURN_TYPE = YES_ERROR;
				GCC_WARN_UNDECLARED_SELECTOR = YES;
				GCC_WARN_UNINITIALIZED_AUTOS = YES_AGGRESSIVE;
				GCC_WARN_UNUSED_FUNCTION = YES;
				GCC_WARN_UNUSED_VARIABLE = YES;
				MACOSX_DEPLOYMENT_TARGET = 10.13;
				MTL_ENABLE_DEBUG_INFO = YES;
				ONLY_ACTIVE_ARCH = YES;
				SDKROOT = macosx;
			};
			name = Debug;
		};
		E447EE9B1FCC0AAB00134E5F /* Release */ = {
			isa = XCBuildConfiguration;
			buildSettings = {
				ALWAYS_SEARCH_USER_PATHS = NO;
				CLANG_ANALYZER_NONNULL = YES;
				CLANG_ANALYZER_NUMBER_OBJECT_CONVERSION = YES_AGGRESSIVE;
				CLANG_CXX_LANGUAGE_STANDARD = "gnu++14";
				CLANG_CXX_LIBRARY = "libc++";
				CLANG_ENABLE_MODULES = YES;
				CLANG_ENABLE_OBJC_ARC = YES;
				CLANG_WARN_BLOCK_CAPTURE_AUTORELEASING = YES;
				CLANG_WARN_BOOL_CONVERSION = YES;
				CLANG_WARN_COMMA = YES;
				CLANG_WARN_CONSTANT_CONVERSION = YES;
				CLANG_WARN_DIRECT_OBJC_ISA_USAGE = YES_ERROR;
				CLANG_WARN_DOCUMENTATION_COMMENTS = YES;
				CLANG_WARN_EMPTY_BODY = YES;
				CLANG_WARN_ENUM_CONVERSION = YES;
				CLANG_WARN_INFINITE_RECURSION = YES;
				CLANG_WARN_INT_CONVERSION = YES;
				CLANG_WARN_NON_LITERAL_NULL_CONVERSION = YES;
				CLANG_WARN_OBJC_LITERAL_CONVERSION = YES;
				CLANG_WARN_OBJC_ROOT_CLASS = YES_ERROR;
				CLANG_WARN_RANGE_LOOP_ANALYSIS = YES;
				CLANG_WARN_STRICT_PROTOTYPES = YES;
				CLANG_WARN_SUSPICIOUS_MOVE = YES;
				CLANG_WARN_UNGUARDED_AVAILABILITY = YES_AGGRESSIVE;
				CLANG_WARN_UNREACHABLE_CODE = YES;
				CLANG_WARN__DUPLICATE_METHOD_MATCH = YES;
				CODE_SIGN_IDENTITY = "Mac Developer";
				COPY_PHASE_STRIP = NO;
				DEBUG_INFORMATION_FORMAT = "dwarf-with-dsym";
				ENABLE_NS_ASSERTIONS = NO;
				ENABLE_STRICT_OBJC_MSGSEND = YES;
				GCC_C_LANGUAGE_STANDARD = gnu11;
				GCC_NO_COMMON_BLOCKS = YES;
				GCC_WARN_64_TO_32_BIT_CONVERSION = YES;
				GCC_WARN_ABOUT_RETURN_TYPE = YES_ERROR;
				GCC_WARN_UNDECLARED_SELECTOR = YES;
				GCC_WARN_UNINITIALIZED_AUTOS = YES_AGGRESSIVE;
				GCC_WARN_UNUSED_FUNCTION = YES;
				GCC_WARN_UNUSED_VARIABLE = YES;
				MACOSX_DEPLOYMENT_TARGET = 10.13;
				MTL_ENABLE_DEBUG_INFO = NO;
				SDKROOT = macosx;
			};
			name = Release;
		};
		E447EE9D1FCC0AAB00134E5F /* Debug */ = {
			isa = XCBuildConfiguration;
			buildSettings = {
				CODE_SIGN_STYLE = Automatic;
				DEVELOPMENT_TEAM = G5LC679EYX;
				PRODUCT_NAME = "$(TARGET_NAME)";
			};
			name = Debug;
		};
		E447EE9E1FCC0AAB00134E5F /* Release */ = {
			isa = XCBuildConfiguration;
			buildSettings = {
				CODE_SIGN_STYLE = Automatic;
				DEVELOPMENT_TEAM = G5LC679EYX;
				PRODUCT_NAME = "$(TARGET_NAME)";
			};
			name = Release;
		};
/* End XCBuildConfiguration section */

/* Begin XCConfigurationList section */
		E447EE901FCC0AAB00134E5F /* Build configuration list for PBXProject "06-@property和@synthesize" */ = {
			isa = XCConfigurationList;
			buildConfigurations = (
				E447EE9A1FCC0AAB00134E5F /* Debug */,
				E447EE9B1FCC0AAB00134E5F /* Release */,
			);
			defaultConfigurationIsVisible = 0;
			defaultConfigurationName = Release;
		};
		E447EE9C1FCC0AAB00134E5F /* Build configuration list for PBXNativeTarget "06-@property和@synthesize" */ = {
			isa = XCConfigurationList;
			buildConfigurations = (
				E447EE9D1FCC0AAB00134E5F /* Debug */,
				E447EE9E1FCC0AAB00134E5F /* Release */,
			);
			defaultConfigurationIsVisible = 0;
			defaultConfigurationName = Release;
		};
/* End XCConfigurationList section */
	};
	rootObject = E447EE8D1FCC0AAB00134E5F /* Project object */;
}
