// !$*UTF8*$!
{
	archiveVersion = 1;
	classes = {
	};
	objectVersion = 48;
	objects = {

/* Begin PBXBuildFile section */
		E4E3845A202ADD6100E0533D /* AppDelegate.m in Sources */ = {isa = PBXBuildFile; fileRef = E4E38459202ADD6100E0533D /* AppDelegate.m */; };
		E4E3845D202ADD6100E0533D /* ViewController.m in Sources */ = {isa = PBXBuildFile; fileRef = E4E3845C202ADD6100E0533D /* ViewController.m */; };
		E4E38460202ADD6100E0533D /* Main.storyboard in Resources */ = {isa = PBXBuildFile; fileRef = E4E3845E202ADD6100E0533D /* Main.storyboard */; };
		E4E38462202ADD6100E0533D /* Assets.xcassets in Resources */ = {isa = PBXBuildFile; fileRef = E4E38461202ADD6100E0533D /* Assets.xcassets */; };
		E4E38465202ADD6100E0533D /* LaunchScreen.storyboard in Resources */ = {isa = PBXBuildFile; fileRef = E4E38463202ADD6100E0533D /* LaunchScreen.storyboard */; };
		E4E38468202ADD6100E0533D /* main.m in Sources */ = {isa = PBXBuildFile; fileRef = E4E38467202ADD6100E0533D /* main.m */; };
		E4E38472202ADD6100E0533D /* _7______Tests.m in Sources */ = {isa = PBXBuildFile; fileRef = E4E38471202ADD6100E0533D /* _7______Tests.m */; };
		E4E3847D202ADD6100E0533D /* _7______UITests.m in Sources */ = {isa = PBXBuildFile; fileRef = E4E3847C202ADD6100E0533D /* _7______UITests.m */; };
/* End PBXBuildFile section */

/* Begin PBXContainerItemProxy section */
		E4E3846E202ADD6100E0533D /* PBXContainerItemProxy */ = {
			isa = PBXContainerItemProxy;
			containerPortal = E4E3844D202ADD6100E0533D /* Project object */;
			proxyType = 1;
			remoteGlobalIDString = E4E38454202ADD6100E0533D;
			remoteInfo = "07-联系人管理";
		};
		E4E38479202ADD6100E0533D /* PBXContainerItemProxy */ = {
			isa = PBXContainerItemProxy;
			containerPortal = E4E3844D202ADD6100E0533D /* Project object */;
			proxyType = 1;
			remoteGlobalIDString = E4E38454202ADD6100E0533D;
			remoteInfo = "07-联系人管理";
		};
/* End PBXContainerItemProxy section */

/* Begin PBXFileReference section */
		E4E38455202ADD6100E0533D /* 07-联系人管理.app */ = {isa = PBXFileReference; explicitFileType = wrapper.application; includeInIndex = 0; path = "07-联系人管理.app"; sourceTree = BUILT_PRODUCTS_DIR; };
		E4E38458202ADD6100E0533D /* AppDelegate.h */ = {isa = PBXFileReference; lastKnownFileType = sourcecode.c.h; path = AppDelegate.h; sourceTree = "<group>"; };
		E4E38459202ADD6100E0533D /* AppDelegate.m */ = {isa = PBXFileReference; lastKnownFileType = sourcecode.c.objc; path = AppDelegate.m; sourceTree = "<group>"; };
		E4E3845B202ADD6100E0533D /* ViewController.h */ = {isa = PBXFileReference; lastKnownFileType = sourcecode.c.h; path = ViewController.h; sourceTree = "<group>"; };
		E4E3845C202ADD6100E0533D /* ViewController.m */ = {isa = PBXFileReference; lastKnownFileType = sourcecode.c.objc; path = ViewController.m; sourceTree = "<group>"; };
		E4E3845F202ADD6100E0533D /* Base */ = {isa = PBXFileReference; lastKnownFileType = file.storyboard; name = Base; path = Base.lproj/Main.storyboard; sourceTree = "<group>"; };
		E4E38461202ADD6100E0533D /* Assets.xcassets */ = {isa = PBXFileReference; lastKnownFileType = folder.assetcatalog; path = Assets.xcassets; sourceTree = "<group>"; };
		E4E38464202ADD6100E0533D /* Base */ = {isa = PBXFileReference; lastKnownFileType = file.storyboard; name = Base; path = Base.lproj/LaunchScreen.storyboard; sourceTree = "<group>"; };
		E4E38466202ADD6100E0533D /* Info.plist */ = {isa = PBXFileReference; lastKnownFileType = text.plist.xml; path = Info.plist; sourceTree = "<group>"; };
		E4E38467202ADD6100E0533D /* main.m */ = {isa = PBXFileReference; lastKnownFileType = sourcecode.c.objc; path = main.m; sourceTree = "<group>"; };
		E4E3846D202ADD6100E0533D /* 07-联系人管理Tests.xctest */ = {isa = PBXFileReference; explicitFileType = wrapper.cfbundle; includeInIndex = 0; path = "07-联系人管理Tests.xctest"; sourceTree = BUILT_PRODUCTS_DIR; };
		E4E38471202ADD6100E0533D /* _7______Tests.m */ = {isa = PBXFileReference; lastKnownFileType = sourcecode.c.objc; path = "_7______Tests.m"; sourceTree = "<group>"; };
		E4E38473202ADD6100E0533D /* Info.plist */ = {isa = PBXFileReference; lastKnownFileType = text.plist.xml; path = Info.plist; sourceTree = "<group>"; };
		E4E38478202ADD6100E0533D /* 07-联系人管理UITests.xctest */ = {isa = PBXFileReference; explicitFileType = wrapper.cfbundle; includeInIndex = 0; path = "07-联系人管理UITests.xctest"; sourceTree = BUILT_PRODUCTS_DIR; };
		E4E3847C202ADD6100E0533D /* _7______UITests.m */ = {isa = PBXFileReference; lastKnownFileType = sourcecode.c.objc; path = "_7______UITests.m"; sourceTree = "<group>"; };
		E4E3847E202ADD6100E0533D /* Info.plist */ = {isa = PBXFileReference; lastKnownFileType = text.plist.xml; path = Info.plist; sourceTree = "<group>"; };
/* End PBXFileReference section */

/* Begin PBXFrameworksBuildPhase section */
		E4E38452202ADD6100E0533D /* Frameworks */ = {
			isa = PBXFrameworksBuildPhase;
			buildActionMask = 2147483647;
			files = (
			);
			runOnlyForDeploymentPostprocessing = 0;
		};
		E4E3846A202ADD6100E0533D /* Frameworks */ = {
			isa = PBXFrameworksBuildPhase;
			buildActionMask = 2147483647;
			files = (
			);
			runOnlyForDeploymentPostprocessing = 0;
		};
		E4E38475202ADD6100E0533D /* Frameworks */ = {
			isa = PBXFrameworksBuildPhase;
			buildActionMask = 2147483647;
			files = (
			);
			runOnlyForDeploymentPostprocessing = 0;
		};
/* End PBXFrameworksBuildPhase section */

/* Begin PBXGroup section */
		E4E3844C202ADD6100E0533D = {
			isa = PBXGroup;
			children = (
				E4E38457202ADD6100E0533D /* 07-联系人管理 */,
				E4E38470202ADD6100E0533D /* 07-联系人管理Tests */,
				E4E3847B202ADD6100E0533D /* 07-联系人管理UITests */,
				E4E38456202ADD6100E0533D /* Products */,
			);
			sourceTree = "<group>";
		};
		E4E38456202ADD6100E0533D /* Products */ = {
			isa = PBXGroup;
			children = (
				E4E38455202ADD6100E0533D /* 07-联系人管理.app */,
				E4E3846D202ADD6100E0533D /* 07-联系人管理Tests.xctest */,
				E4E38478202ADD6100E0533D /* 07-联系人管理UITests.xctest */,
			);
			name = Products;
			sourceTree = "<group>";
		};
		E4E38457202ADD6100E0533D /* 07-联系人管理 */ = {
			isa = PBXGroup;
			children = (
				E4E38458202ADD6100E0533D /* AppDelegate.h */,
				E4E38459202ADD6100E0533D /* AppDelegate.m */,
				E4E3845B202ADD6100E0533D /* ViewController.h */,
				E4E3845C202ADD6100E0533D /* ViewController.m */,
				E4E3845E202ADD6100E0533D /* Main.storyboard */,
				E4E38461202ADD6100E0533D /* Assets.xcassets */,
				E4E38463202ADD6100E0533D /* LaunchScreen.storyboard */,
				E4E38466202ADD6100E0533D /* Info.plist */,
				E4E38467202ADD6100E0533D /* main.m */,
			);
			path = "07-联系人管理";
			sourceTree = "<group>";
		};
		E4E38470202ADD6100E0533D /* 07-联系人管理Tests */ = {
			isa = PBXGroup;
			children = (
				E4E38471202ADD6100E0533D /* _7______Tests.m */,
				E4E38473202ADD6100E0533D /* Info.plist */,
			);
			path = "07-联系人管理Tests";
			sourceTree = "<group>";
		};
		E4E3847B202ADD6100E0533D /* 07-联系人管理UITests */ = {
			isa = PBXGroup;
			children = (
				E4E3847C202ADD6100E0533D /* _7______UITests.m */,
				E4E3847E202ADD6100E0533D /* Info.plist */,
			);
			path = "07-联系人管理UITests";
			sourceTree = "<group>";
		};
/* End PBXGroup section */

/* Begin PBXNativeTarget section */
		E4E38454202ADD6100E0533D /* 07-联系人管理 */ = {
			isa = PBXNativeTarget;
			buildConfigurationList = E4E38481202ADD6100E0533D /* Build configuration list for PBXNativeTarget "07-联系人管理" */;
			buildPhases = (
				E4E38451202ADD6100E0533D /* Sources */,
				E4E38452202ADD6100E0533D /* Frameworks */,
				E4E38453202ADD6100E0533D /* Resources */,
			);
			buildRules = (
			);
			dependencies = (
			);
			name = "07-联系人管理";
			productName = "07-联系人管理";
			productReference = E4E38455202ADD6100E0533D /* 07-联系人管理.app */;
			productType = "com.apple.product-type.application";
		};
		E4E3846C202ADD6100E0533D /* 07-联系人管理Tests */ = {
			isa = PBXNativeTarget;
			buildConfigurationList = E4E38484202ADD6100E0533D /* Build configuration list for PBXNativeTarget "07-联系人管理Tests" */;
			buildPhases = (
				E4E38469202ADD6100E0533D /* Sources */,
				E4E3846A202ADD6100E0533D /* Frameworks */,
				E4E3846B202ADD6100E0533D /* Resources */,
			);
			buildRules = (
			);
			dependencies = (
				E4E3846F202ADD6100E0533D /* PBXTargetDependency */,
			);
			name = "07-联系人管理Tests";
			productName = "07-联系人管理Tests";
			productReference = E4E3846D202ADD6100E0533D /* 07-联系人管理Tests.xctest */;
			productType = "com.apple.product-type.bundle.unit-test";
		};
		E4E38477202ADD6100E0533D /* 07-联系人管理UITests */ = {
			isa = PBXNativeTarget;
			buildConfigurationList = E4E38487202ADD6100E0533D /* Build configuration list for PBXNativeTarget "07-联系人管理UITests" */;
			buildPhases = (
				E4E38474202ADD6100E0533D /* Sources */,
				E4E38475202ADD6100E0533D /* Frameworks */,
				E4E38476202ADD6100E0533D /* Resources */,
			);
			buildRules = (
			);
			dependencies = (
				E4E3847A202ADD6100E0533D /* PBXTargetDependency */,
			);
			name = "07-联系人管理UITests";
			productName = "07-联系人管理UITests";
			productReference = E4E38478202ADD6100E0533D /* 07-联系人管理UITests.xctest */;
			productType = "com.apple.product-type.bundle.ui-testing";
		};
/* End PBXNativeTarget section */

/* Begin PBXProject section */
		E4E3844D202ADD6100E0533D /* Project object */ = {
			isa = PBXProject;
			attributes = {
				LastUpgradeCheck = 0920;
				ORGANIZATIONNAME = captain;
				TargetAttributes = {
					E4E38454202ADD6100E0533D = {
						CreatedOnToolsVersion = 9.2;
						ProvisioningStyle = Automatic;
					};
					E4E3846C202ADD6100E0533D = {
						CreatedOnToolsVersion = 9.2;
						ProvisioningStyle = Automatic;
						TestTargetID = E4E38454202ADD6100E0533D;
					};
					E4E38477202ADD6100E0533D = {
						CreatedOnToolsVersion = 9.2;
						ProvisioningStyle = Automatic;
						TestTargetID = E4E38454202ADD6100E0533D;
					};
				};
			};
			buildConfigurationList = E4E38450202ADD6100E0533D /* Build configuration list for PBXProject "07-联系人管理" */;
			compatibilityVersion = "Xcode 8.0";
			developmentRegion = en;
			hasScannedForEncodings = 0;
			knownRegions = (
				en,
				Base,
			);
			mainGroup = E4E3844C202ADD6100E0533D;
			productRefGroup = E4E38456202ADD6100E0533D /* Products */;
			projectDirPath = "";
			projectRoot = "";
			targets = (
				E4E38454202ADD6100E0533D /* 07-联系人管理 */,
				E4E3846C202ADD6100E0533D /* 07-联系人管理Tests */,
				E4E38477202ADD6100E0533D /* 07-联系人管理UITests */,
			);
		};
/* End PBXProject section */

/* Begin PBXResourcesBuildPhase section */
		E4E38453202ADD6100E0533D /* Resources */ = {
			isa = PBXResourcesBuildPhase;
			buildActionMask = 2147483647;
			files = (
				E4E38465202ADD6100E0533D /* LaunchScreen.storyboard in Resources */,
				E4E38462202ADD6100E0533D /* Assets.xcassets in Resources */,
				E4E38460202ADD6100E0533D /* Main.storyboard in Resources */,
			);
			runOnlyForDeploymentPostprocessing = 0;
		};
		E4E3846B202ADD6100E0533D /* Resources */ = {
			isa = PBXResourcesBuildPhase;
			buildActionMask = 2147483647;
			files = (
			);
			runOnlyForDeploymentPostprocessing = 0;
		};
		E4E38476202ADD6100E0533D /* Resources */ = {
			isa = PBXResourcesBuildPhase;
			buildActionMask = 2147483647;
			files = (
			);
			runOnlyForDeploymentPostprocessing = 0;
		};
/* End PBXResourcesBuildPhase section */

/* Begin PBXSourcesBuildPhase section */
		E4E38451202ADD6100E0533D /* Sources */ = {
			isa = PBXSourcesBuildPhase;
			buildActionMask = 2147483647;
			files = (
				E4E3845D202ADD6100E0533D /* ViewController.m in Sources */,
				E4E38468202ADD6100E0533D /* main.m in Sources */,
				E4E3845A202ADD6100E0533D /* AppDelegate.m in Sources */,
			);
			runOnlyForDeploymentPostprocessing = 0;
		};
		E4E38469202ADD6100E0533D /* Sources */ = {
			isa = PBXSourcesBuildPhase;
			buildActionMask = 2147483647;
			files = (
				E4E38472202ADD6100E0533D /* _7______Tests.m in Sources */,
			);
			runOnlyForDeploymentPostprocessing = 0;
		};
		E4E38474202ADD6100E0533D /* Sources */ = {
			isa = PBXSourcesBuildPhase;
			buildActionMask = 2147483647;
			files = (
				E4E3847D202ADD6100E0533D /* _7______UITests.m in Sources */,
			);
			runOnlyForDeploymentPostprocessing = 0;
		};
/* End PBXSourcesBuildPhase section */

/* Begin PBXTargetDependency section */
		E4E3846F202ADD6100E0533D /* PBXTargetDependency */ = {
			isa = PBXTargetDependency;
			target = E4E38454202ADD6100E0533D /* 07-联系人管理 */;
			targetProxy = E4E3846E202ADD6100E0533D /* PBXContainerItemProxy */;
		};
		E4E3847A202ADD6100E0533D /* PBXTargetDependency */ = {
			isa = PBXTargetDependency;
			target = E4E38454202ADD6100E0533D /* 07-联系人管理 */;
			targetProxy = E4E38479202ADD6100E0533D /* PBXContainerItemProxy */;
		};
/* End PBXTargetDependency section */

/* Begin PBXVariantGroup section */
		E4E3845E202ADD6100E0533D /* Main.storyboard */ = {
			isa = PBXVariantGroup;
			children = (
				E4E3845F202ADD6100E0533D /* Base */,
			);
			name = Main.storyboard;
			sourceTree = "<group>";
		};
		E4E38463202ADD6100E0533D /* LaunchScreen.storyboard */ = {
			isa = PBXVariantGroup;
			children = (
				E4E38464202ADD6100E0533D /* Base */,
			);
			name = LaunchScreen.storyboard;
			sourceTree = "<group>";
		};
/* End PBXVariantGroup section */

/* Begin XCBuildConfiguration section */
		E4E3847F202ADD6100E0533D /* Debug */ = {
			isa = XCBuildConfiguration;
			buildSettings = {
				ALWAYS_SEARCH_USER_PATHS = NO;
				CLANG_ANALYZER_NONNULL = YES;
				CLANG_ANALYZER_NUMBER_OBJECT_CONVERSION = YES_AGGRESSIVE;
				CLANG_CXX_LANGUAGE_STANDARD = "gnu++14";
				CLANG_CXX_LIBRARY = "libc++";
				CLANG_ENABLE_MODULES = YES;
				CLANG_ENABLE_OBJC_ARC = YES;
				CLANG_WARN_BLOCK_CAPTURE_AUTORELEASING = YES;
				CLANG_WARN_BOOL_CONVERSION = YES;
				CLANG_WARN_COMMA = YES;
				CLANG_WARN_CONSTANT_CONVERSION = YES;
				CLANG_WARN_DIRECT_OBJC_ISA_USAGE = YES_ERROR;
				CLANG_WARN_DOCUMENTATION_COMMENTS = YES;
				CLANG_WARN_EMPTY_BODY = YES;
				CLANG_WARN_ENUM_CONVERSION = YES;
				CLANG_WARN_INFINITE_RECURSION = YES;
				CLANG_WARN_INT_CONVERSION = YES;
				CLANG_WARN_NON_LITERAL_NULL_CONVERSION = YES;
				CLANG_WARN_OBJC_LITERAL_CONVERSION = YES;
				CLANG_WARN_OBJC_ROOT_CLASS = YES_ERROR;
				CLANG_WARN_RANGE_LOOP_ANALYSIS = YES;
				CLANG_WARN_STRICT_PROTOTYPES = YES;
				CLANG_WARN_SUSPICIOUS_MOVE = YES;
				CLANG_WARN_UNGUARDED_AVAILABILITY = YES_AGGRESSIVE;
				CLANG_WARN_UNREACHABLE_CODE = YES;
				CLANG_WARN__DUPLICATE_METHOD_MATCH = YES;
				CODE_SIGN_IDENTITY = "iPhone Developer";
				COPY_PHASE_STRIP = NO;
				DEBUG_INFORMATION_FORMAT = dwarf;
				ENABLE_STRICT_OBJC_MSGSEND = YES;
				ENABLE_TESTABILITY = YES;
				GCC_C_LANGUAGE_STANDARD = gnu11;
				GCC_DYNAMIC_NO_PIC = NO;
				GCC_NO_COMMON_BLOCKS = YES;
				GCC_OPTIMIZATION_LEVEL = 0;
				GCC_PREPROCESSOR_DEFINITIONS = (
					"DEBUG=1",
					"$(inherited)",
				);
				GCC_WARN_64_TO_32_BIT_CONVERSION = YES;
				GCC_WARN_ABOUT_RETURN_TYPE = YES_ERROR;
				GCC_WARN_UNDECLARED_SELECTOR = YES;
				GCC_WARN_UNINITIALIZED_AUTOS = YES_AGGRESSIVE;
				GCC_WARN_UNUSED_FUNCTION = YES;
				GCC_WARN_UNUSED_VARIABLE = YES;
				IPHONEOS_DEPLOYMENT_TARGET = 11.2;
				MTL_ENABLE_DEBUG_INFO = YES;
				ONLY_ACTIVE_ARCH = YES;
				SDKROOT = iphoneos;
			};
			name = Debug;
		};
		E4E38480202ADD6100E0533D /* Release */ = {
			isa = XCBuildConfiguration;
			buildSettings = {
				ALWAYS_SEARCH_USER_PATHS = NO;
				CLANG_ANALYZER_NONNULL = YES;
				CLANG_ANALYZER_NUMBER_OBJECT_CONVERSION = YES_AGGRESSIVE;
				CLANG_CXX_LANGUAGE_STANDARD = "gnu++14";
				CLANG_CXX_LIBRARY = "libc++";
				CLANG_ENABLE_MODULES = YES;
				CLANG_ENABLE_OBJC_ARC = YES;
				CLANG_WARN_BLOCK_CAPTURE_AUTORELEASING = YES;
				CLANG_WARN_BOOL_CONVERSION = YES;
				CLANG_WARN_COMMA = YES;
				CLANG_WARN_CONSTANT_CONVERSION = YES;
				CLANG_WARN_DIRECT_OBJC_ISA_USAGE = YES_ERROR;
				CLANG_WARN_DOCUMENTATION_COMMENTS = YES;
				CLANG_WARN_EMPTY_BODY = YES;
				CLANG_WARN_ENUM_CONVERSION = YES;
				CLANG_WARN_INFINITE_RECURSION = YES;
				CLANG_WARN_INT_CONVERSION = YES;
				CLANG_WARN_NON_LITERAL_NULL_CONVERSION = YES;
				CLANG_WARN_OBJC_LITERAL_CONVERSION = YES;
				CLANG_WARN_OBJC_ROOT_CLASS = YES_ERROR;
				CLANG_WARN_RANGE_LOOP_ANALYSIS = YES;
				CLANG_WARN_STRICT_PROTOTYPES = YES;
				CLANG_WARN_SUSPICIOUS_MOVE = YES;
				CLANG_WARN_UNGUARDED_AVAILABILITY = YES_AGGRESSIVE;
				CLANG_WARN_UNREACHABLE_CODE = YES;
				CLANG_WARN__DUPLICATE_METHOD_MATCH = YES;
				CODE_SIGN_IDENTITY = "iPhone Developer";
				COPY_PHASE_STRIP = NO;
				DEBUG_INFORMATION_FORMAT = "dwarf-with-dsym";
				ENABLE_NS_ASSERTIONS = NO;
				ENABLE_STRICT_OBJC_MSGSEND = YES;
				GCC_C_LANGUAGE_STANDARD = gnu11;
				GCC_NO_COMMON_BLOCKS = YES;
				GCC_WARN_64_TO_32_BIT_CONVERSION = YES;
				GCC_WARN_ABOUT_RETURN_TYPE = YES_ERROR;
				GCC_WARN_UNDECLARED_SELECTOR = YES;
				GCC_WARN_UNINITIALIZED_AUTOS = YES_AGGRESSIVE;
				GCC_WARN_UNUSED_FUNCTION = YES;
				GCC_WARN_UNUSED_VARIABLE = YES;
				IPHONEOS_DEPLOYMENT_TARGET = 11.2;
				MTL_ENABLE_DEBUG_INFO = NO;
				SDKROOT = iphoneos;
				VALIDATE_PRODUCT = YES;
			};
			name = Release;
		};
		E4E38482202ADD6100E0533D /* Debug */ = {
			isa = XCBuildConfiguration;
			buildSettings = {
				ASSETCATALOG_COMPILER_APPICON_NAME = AppIcon;
				CODE_SIGN_STYLE = Automatic;
				DEVELOPMENT_TEAM = G5LC679EYX;
				INFOPLIST_FILE = "07-联系人管理/Info.plist";
				LD_RUNPATH_SEARCH_PATHS = "$(inherited) @executable_path/Frameworks";
				PRODUCT_BUNDLE_IDENTIFIER = "com.thinkofsomethingclever.-7------";
				PRODUCT_NAME = "$(TARGET_NAME)";
				TARGETED_DEVICE_FAMILY = "1,2";
			};
			name = Debug;
		};
		E4E38483202ADD6100E0533D /* Release */ = {
			isa = XCBuildConfiguration;
			buildSettings = {
				ASSETCATALOG_COMPILER_APPICON_NAME = AppIcon;
				CODE_SIGN_STYLE = Automatic;
				DEVELOPMENT_TEAM = G5LC679EYX;
				INFOPLIST_FILE = "07-联系人管理/Info.plist";
				LD_RUNPATH_SEARCH_PATHS = "$(inherited) @executable_path/Frameworks";
				PRODUCT_BUNDLE_IDENTIFIER = "com.thinkofsomethingclever.-7------";
				PRODUCT_NAME = "$(TARGET_NAME)";
				TARGETED_DEVICE_FAMILY = "1,2";
			};
			name = Release;
		};
		E4E38485202ADD6100E0533D /* Debug */ = {
			isa = XCBuildConfiguration;
			buildSettings = {
				BUNDLE_LOADER = "$(TEST_HOST)";
				CODE_SIGN_STYLE = Automatic;
				DEVELOPMENT_TEAM = G5LC679EYX;
				INFOPLIST_FILE = "07-联系人管理Tests/Info.plist";
				LD_RUNPATH_SEARCH_PATHS = "$(inherited) @executable_path/Frameworks @loader_path/Frameworks";
				PRODUCT_BUNDLE_IDENTIFIER = "com.thinkofsomethingclever.-7------Tests";
				PRODUCT_NAME = "$(TARGET_NAME)";
				TARGETED_DEVICE_FAMILY = "1,2";
				TEST_HOST = "$(BUILT_PRODUCTS_DIR)/07-联系人管理.app/07-联系人管理";
			};
			name = Debug;
		};
		E4E38486202ADD6100E0533D /* Release */ = {
			isa = XCBuildConfiguration;
			buildSettings = {
				BUNDLE_LOADER = "$(TEST_HOST)";
				CODE_SIGN_STYLE = Automatic;
				DEVELOPMENT_TEAM = G5LC679EYX;
				INFOPLIST_FILE = "07-联系人管理Tests/Info.plist";
				LD_RUNPATH_SEARCH_PATHS = "$(inherited) @executable_path/Frameworks @loader_path/Frameworks";
				PRODUCT_BUNDLE_IDENTIFIER = "com.thinkofsomethingclever.-7------Tests";
				PRODUCT_NAME = "$(TARGET_NAME)";
				TARGETED_DEVICE_FAMILY = "1,2";
				TEST_HOST = "$(BUILT_PRODUCTS_DIR)/07-联系人管理.app/07-联系人管理";
			};
			name = Release;
		};
		E4E38488202ADD6100E0533D /* Debug */ = {
			isa = XCBuildConfiguration;
			buildSettings = {
				CODE_SIGN_STYLE = Automatic;
				DEVELOPMENT_TEAM = G5LC679EYX;
				INFOPLIST_FILE = "07-联系人管理UITests/Info.plist";
				LD_RUNPATH_SEARCH_PATHS = "$(inherited) @executable_path/Frameworks @loader_path/Frameworks";
				PRODUCT_BUNDLE_IDENTIFIER = "com.thinkofsomethingclever.-7------UITests";
				PRODUCT_NAME = "$(TARGET_NAME)";
				TARGETED_DEVICE_FAMILY = "1,2";
				TEST_TARGET_NAME = "07-联系人管理";
			};
			name = Debug;
		};
		E4E38489202ADD6100E0533D /* Release */ = {
			isa = XCBuildConfiguration;
			buildSettings = {
				CODE_SIGN_STYLE = Automatic;
				DEVELOPMENT_TEAM = G5LC679EYX;
				INFOPLIST_FILE = "07-联系人管理UITests/Info.plist";
				LD_RUNPATH_SEARCH_PATHS = "$(inherited) @executable_path/Frameworks @loader_path/Frameworks";
				PRODUCT_BUNDLE_IDENTIFIER = "com.thinkofsomethingclever.-7------UITests";
				PRODUCT_NAME = "$(TARGET_NAME)";
				TARGETED_DEVICE_FAMILY = "1,2";
				TEST_TARGET_NAME = "07-联系人管理";
			};
			name = Release;
		};
/* End XCBuildConfiguration section */

/* Begin XCConfigurationList section */
		E4E38450202ADD6100E0533D /* Build configuration list for PBXProject "07-联系人管理" */ = {
			isa = XCConfigurationList;
			buildConfigurations = (
				E4E3847F202ADD6100E0533D /* Debug */,
				E4E38480202ADD6100E0533D /* Release */,
			);
			defaultConfigurationIsVisible = 0;
			defaultConfigurationName = Release;
		};
		E4E38481202ADD6100E0533D /* Build configuration list for PBXNativeTarget "07-联系人管理" */ = {
			isa = XCConfigurationList;
			buildConfigurations = (
				E4E38482202ADD6100E0533D /* Debug */,
				E4E38483202ADD6100E0533D /* Release */,
			);
			defaultConfigurationIsVisible = 0;
			defaultConfigurationName = Release;
		};
		E4E38484202ADD6100E0533D /* Build configuration list for PBXNativeTarget "07-联系人管理Tests" */ = {
			isa = XCConfigurationList;
			buildConfigurations = (
				E4E38485202ADD6100E0533D /* Debug */,
				E4E38486202ADD6100E0533D /* Release */,
			);
			defaultConfigurationIsVisible = 0;
			defaultConfigurationName = Release;
		};
		E4E38487202ADD6100E0533D /* Build configuration list for PBXNativeTarget "07-联系人管理UITests" */ = {
			isa = XCConfigurationList;
			buildConfigurations = (
				E4E38488202ADD6100E0533D /* Debug */,
				E4E38489202ADD6100E0533D /* Release */,
			);
			defaultConfigurationIsVisible = 0;
			defaultConfigurationName = Release;
		};
/* End XCConfigurationList section */
	};
	rootObject = E4E3844D202ADD6100E0533D /* Project object */;
}
