// !$*UTF8*$!
{
	archiveVersion = 1;
	classes = {
	};
	objectVersion = 48;
	objects = {

/* Begin PBXBuildFile section */
		E45957C52029AC3B00C48F71 /* AppDelegate.m in Sources */ = {isa = PBXBuildFile; fileRef = E45957C42029AC3B00C48F71 /* AppDelegate.m */; };
		E45957C82029AC3B00C48F71 /* ViewController.m in Sources */ = {isa = PBXBuildFile; fileRef = E45957C72029AC3B00C48F71 /* ViewController.m */; };
		E45957CB2029AC3B00C48F71 /* Main.storyboard in Resources */ = {isa = PBXBuildFile; fileRef = E45957C92029AC3B00C48F71 /* Main.storyboard */; };
		E45957CD2029AC3B00C48F71 /* Assets.xcassets in Resources */ = {isa = PBXBuildFile; fileRef = E45957CC2029AC3B00C48F71 /* Assets.xcassets */; };
		E45957D02029AC3B00C48F71 /* LaunchScreen.storyboard in Resources */ = {isa = PBXBuildFile; fileRef = E45957CE2029AC3B00C48F71 /* LaunchScreen.storyboard */; };
		E45957D32029AC3B00C48F71 /* main.m in Sources */ = {isa = PBXBuildFile; fileRef = E45957D22029AC3B00C48F71 /* main.m */; };
		E45957DD2029AC3B00C48F71 /* _5_UIButton_UIImageView___Tests.m in Sources */ = {isa = PBXBuildFile; fileRef = E45957DC2029AC3B00C48F71 /* _5_UIButton_UIImageView___Tests.m */; };
		E45957E82029AC3B00C48F71 /* _5_UIButton_UIImageView___UITests.m in Sources */ = {isa = PBXBuildFile; fileRef = E45957E72029AC3B00C48F71 /* _5_UIButton_UIImageView___UITests.m */; };
/* End PBXBuildFile section */

/* Begin PBXContainerItemProxy section */
		E45957D92029AC3B00C48F71 /* PBXContainerItemProxy */ = {
			isa = PBXContainerItemProxy;
			containerPortal = E45957B82029AC3B00C48F71 /* Project object */;
			proxyType = 1;
			remoteGlobalIDString = E45957BF2029AC3B00C48F71;
			remoteInfo = "05-UIButton和UIImageView的区别";
		};
		E45957E42029AC3B00C48F71 /* PBXContainerItemProxy */ = {
			isa = PBXContainerItemProxy;
			containerPortal = E45957B82029AC3B00C48F71 /* Project object */;
			proxyType = 1;
			remoteGlobalIDString = E45957BF2029AC3B00C48F71;
			remoteInfo = "05-UIButton和UIImageView的区别";
		};
/* End PBXContainerItemProxy section */

/* Begin PBXFileReference section */
		E45957C02029AC3B00C48F71 /* 05-UIButton和UIImageView的区别.app */ = {isa = PBXFileReference; explicitFileType = wrapper.application; includeInIndex = 0; path = "05-UIButton和UIImageView的区别.app"; sourceTree = BUILT_PRODUCTS_DIR; };
		E45957C32029AC3B00C48F71 /* AppDelegate.h */ = {isa = PBXFileReference; lastKnownFileType = sourcecode.c.h; path = AppDelegate.h; sourceTree = "<group>"; };
		E45957C42029AC3B00C48F71 /* AppDelegate.m */ = {isa = PBXFileReference; lastKnownFileType = sourcecode.c.objc; path = AppDelegate.m; sourceTree = "<group>"; };
		E45957C62029AC3B00C48F71 /* ViewController.h */ = {isa = PBXFileReference; lastKnownFileType = sourcecode.c.h; path = ViewController.h; sourceTree = "<group>"; };
		E45957C72029AC3B00C48F71 /* ViewController.m */ = {isa = PBXFileReference; lastKnownFileType = sourcecode.c.objc; path = ViewController.m; sourceTree = "<group>"; };
		E45957CA2029AC3B00C48F71 /* Base */ = {isa = PBXFileReference; lastKnownFileType = file.storyboard; name = Base; path = Base.lproj/Main.storyboard; sourceTree = "<group>"; };
		E45957CC2029AC3B00C48F71 /* Assets.xcassets */ = {isa = PBXFileReference; lastKnownFileType = folder.assetcatalog; path = Assets.xcassets; sourceTree = "<group>"; };
		E45957CF2029AC3B00C48F71 /* Base */ = {isa = PBXFileReference; lastKnownFileType = file.storyboard; name = Base; path = Base.lproj/LaunchScreen.storyboard; sourceTree = "<group>"; };
		E45957D12029AC3B00C48F71 /* Info.plist */ = {isa = PBXFileReference; lastKnownFileType = text.plist.xml; path = Info.plist; sourceTree = "<group>"; };
		E45957D22029AC3B00C48F71 /* main.m */ = {isa = PBXFileReference; lastKnownFileType = sourcecode.c.objc; path = main.m; sourceTree = "<group>"; };
		E45957D82029AC3B00C48F71 /* 05-UIButton和UIImageView的区别Tests.xctest */ = {isa = PBXFileReference; explicitFileType = wrapper.cfbundle; includeInIndex = 0; path = "05-UIButton和UIImageView的区别Tests.xctest"; sourceTree = BUILT_PRODUCTS_DIR; };
		E45957DC2029AC3B00C48F71 /* _5_UIButton_UIImageView___Tests.m */ = {isa = PBXFileReference; lastKnownFileType = sourcecode.c.objc; path = "_5_UIButton_UIImageView___Tests.m"; sourceTree = "<group>"; };
		E45957DE2029AC3B00C48F71 /* Info.plist */ = {isa = PBXFileReference; lastKnownFileType = text.plist.xml; path = Info.plist; sourceTree = "<group>"; };
		E45957E32029AC3B00C48F71 /* 05-UIButton和UIImageView的区别UITests.xctest */ = {isa = PBXFileReference; explicitFileType = wrapper.cfbundle; includeInIndex = 0; path = "05-UIButton和UIImageView的区别UITests.xctest"; sourceTree = BUILT_PRODUCTS_DIR; };
		E45957E72029AC3B00C48F71 /* _5_UIButton_UIImageView___UITests.m */ = {isa = PBXFileReference; lastKnownFileType = sourcecode.c.objc; path = "_5_UIButton_UIImageView___UITests.m"; sourceTree = "<group>"; };
		E45957E92029AC3B00C48F71 /* Info.plist */ = {isa = PBXFileReference; lastKnownFileType = text.plist.xml; path = Info.plist; sourceTree = "<group>"; };
/* End PBXFileReference section */

/* Begin PBXFrameworksBuildPhase section */
		E45957BD2029AC3B00C48F71 /* Frameworks */ = {
			isa = PBXFrameworksBuildPhase;
			buildActionMask = 2147483647;
			files = (
			);
			runOnlyForDeploymentPostprocessing = 0;
		};
		E45957D52029AC3B00C48F71 /* Frameworks */ = {
			isa = PBXFrameworksBuildPhase;
			buildActionMask = 2147483647;
			files = (
			);
			runOnlyForDeploymentPostprocessing = 0;
		};
		E45957E02029AC3B00C48F71 /* Frameworks */ = {
			isa = PBXFrameworksBuildPhase;
			buildActionMask = 2147483647;
			files = (
			);
			runOnlyForDeploymentPostprocessing = 0;
		};
/* End PBXFrameworksBuildPhase section */

/* Begin PBXGroup section */
		E45957B72029AC3B00C48F71 = {
			isa = PBXGroup;
			children = (
				E45957C22029AC3B00C48F71 /* 05-UIButton和UIImageView的区别 */,
				E45957DB2029AC3B00C48F71 /* 05-UIButton和UIImageView的区别Tests */,
				E45957E62029AC3B00C48F71 /* 05-UIButton和UIImageView的区别UITests */,
				E45957C12029AC3B00C48F71 /* Products */,
			);
			sourceTree = "<group>";
		};
		E45957C12029AC3B00C48F71 /* Products */ = {
			isa = PBXGroup;
			children = (
				E45957C02029AC3B00C48F71 /* 05-UIButton和UIImageView的区别.app */,
				E45957D82029AC3B00C48F71 /* 05-UIButton和UIImageView的区别Tests.xctest */,
				E45957E32029AC3B00C48F71 /* 05-UIButton和UIImageView的区别UITests.xctest */,
			);
			name = Products;
			sourceTree = "<group>";
		};
		E45957C22029AC3B00C48F71 /* 05-UIButton和UIImageView的区别 */ = {
			isa = PBXGroup;
			children = (
				E45957C32029AC3B00C48F71 /* AppDelegate.h */,
				E45957C42029AC3B00C48F71 /* AppDelegate.m */,
				E45957C62029AC3B00C48F71 /* ViewController.h */,
				E45957C72029AC3B00C48F71 /* ViewController.m */,
				E45957C92029AC3B00C48F71 /* Main.storyboard */,
				E45957CC2029AC3B00C48F71 /* Assets.xcassets */,
				E45957CE2029AC3B00C48F71 /* LaunchScreen.storyboard */,
				E45957D12029AC3B00C48F71 /* Info.plist */,
				E45957D22029AC3B00C48F71 /* main.m */,
			);
			path = "05-UIButton和UIImageView的区别";
			sourceTree = "<group>";
		};
		E45957DB2029AC3B00C48F71 /* 05-UIButton和UIImageView的区别Tests */ = {
			isa = PBXGroup;
			children = (
				E45957DC2029AC3B00C48F71 /* _5_UIButton_UIImageView___Tests.m */,
				E45957DE2029AC3B00C48F71 /* Info.plist */,
			);
			path = "05-UIButton和UIImageView的区别Tests";
			sourceTree = "<group>";
		};
		E45957E62029AC3B00C48F71 /* 05-UIButton和UIImageView的区别UITests */ = {
			isa = PBXGroup;
			children = (
				E45957E72029AC3B00C48F71 /* _5_UIButton_UIImageView___UITests.m */,
				E45957E92029AC3B00C48F71 /* Info.plist */,
			);
			path = "05-UIButton和UIImageView的区别UITests";
			sourceTree = "<group>";
		};
/* End PBXGroup section */

/* Begin PBXNativeTarget section */
		E45957BF2029AC3B00C48F71 /* 05-UIButton和UIImageView的区别 */ = {
			isa = PBXNativeTarget;
			buildConfigurationList = E45957EC2029AC3B00C48F71 /* Build configuration list for PBXNativeTarget "05-UIButton和UIImageView的区别" */;
			buildPhases = (
				E45957BC2029AC3B00C48F71 /* Sources */,
				E45957BD2029AC3B00C48F71 /* Frameworks */,
				E45957BE2029AC3B00C48F71 /* Resources */,
			);
			buildRules = (
			);
			dependencies = (
			);
			name = "05-UIButton和UIImageView的区别";
			productName = "05-UIButton和UIImageView的区别";
			productReference = E45957C02029AC3B00C48F71 /* 05-UIButton和UIImageView的区别.app */;
			productType = "com.apple.product-type.application";
		};
		E45957D72029AC3B00C48F71 /* 05-UIButton和UIImageView的区别Tests */ = {
			isa = PBXNativeTarget;
			buildConfigurationList = E45957EF2029AC3B00C48F71 /* Build configuration list for PBXNativeTarget "05-UIButton和UIImageView的区别Tests" */;
			buildPhases = (
				E45957D42029AC3B00C48F71 /* Sources */,
				E45957D52029AC3B00C48F71 /* Frameworks */,
				E45957D62029AC3B00C48F71 /* Resources */,
			);
			buildRules = (
			);
			dependencies = (
				E45957DA2029AC3B00C48F71 /* PBXTargetDependency */,
			);
			name = "05-UIButton和UIImageView的区别Tests";
			productName = "05-UIButton和UIImageView的区别Tests";
			productReference = E45957D82029AC3B00C48F71 /* 05-UIButton和UIImageView的区别Tests.xctest */;
			productType = "com.apple.product-type.bundle.unit-test";
		};
		E45957E22029AC3B00C48F71 /* 05-UIButton和UIImageView的区别UITests */ = {
			isa = PBXNativeTarget;
			buildConfigurationList = E45957F22029AC3B00C48F71 /* Build configuration list for PBXNativeTarget "05-UIButton和UIImageView的区别UITests" */;
			buildPhases = (
				E45957DF2029AC3B00C48F71 /* Sources */,
				E45957E02029AC3B00C48F71 /* Frameworks */,
				E45957E12029AC3B00C48F71 /* Resources */,
			);
			buildRules = (
			);
			dependencies = (
				E45957E52029AC3B00C48F71 /* PBXTargetDependency */,
			);
			name = "05-UIButton和UIImageView的区别UITests";
			productName = "05-UIButton和UIImageView的区别UITests";
			productReference = E45957E32029AC3B00C48F71 /* 05-UIButton和UIImageView的区别UITests.xctest */;
			productType = "com.apple.product-type.bundle.ui-testing";
		};
/* End PBXNativeTarget section */

/* Begin PBXProject section */
		E45957B82029AC3B00C48F71 /* Project object */ = {
			isa = PBXProject;
			attributes = {
				LastUpgradeCheck = 0920;
				ORGANIZATIONNAME = captain;
				TargetAttributes = {
					E45957BF2029AC3B00C48F71 = {
						CreatedOnToolsVersion = 9.2;
						ProvisioningStyle = Automatic;
					};
					E45957D72029AC3B00C48F71 = {
						CreatedOnToolsVersion = 9.2;
						ProvisioningStyle = Automatic;
						TestTargetID = E45957BF2029AC3B00C48F71;
					};
					E45957E22029AC3B00C48F71 = {
						CreatedOnToolsVersion = 9.2;
						ProvisioningStyle = Automatic;
						TestTargetID = E45957BF2029AC3B00C48F71;
					};
				};
			};
			buildConfigurationList = E45957BB2029AC3B00C48F71 /* Build configuration list for PBXProject "05-UIButton和UIImageView的区别" */;
			compatibilityVersion = "Xcode 8.0";
			developmentRegion = en;
			hasScannedForEncodings = 0;
			knownRegions = (
				en,
				Base,
			);
			mainGroup = E45957B72029AC3B00C48F71;
			productRefGroup = E45957C12029AC3B00C48F71 /* Products */;
			projectDirPath = "";
			projectRoot = "";
			targets = (
				E45957BF2029AC3B00C48F71 /* 05-UIButton和UIImageView的区别 */,
				E45957D72029AC3B00C48F71 /* 05-UIButton和UIImageView的区别Tests */,
				E45957E22029AC3B00C48F71 /* 05-UIButton和UIImageView的区别UITests */,
			);
		};
/* End PBXProject section */

/* Begin PBXResourcesBuildPhase section */
		E45957BE2029AC3B00C48F71 /* Resources */ = {
			isa = PBXResourcesBuildPhase;
			buildActionMask = 2147483647;
			files = (
				E45957D02029AC3B00C48F71 /* LaunchScreen.storyboard in Resources */,
				E45957CD2029AC3B00C48F71 /* Assets.xcassets in Resources */,
				E45957CB2029AC3B00C48F71 /* Main.storyboard in Resources */,
			);
			runOnlyForDeploymentPostprocessing = 0;
		};
		E45957D62029AC3B00C48F71 /* Resources */ = {
			isa = PBXResourcesBuildPhase;
			buildActionMask = 2147483647;
			files = (
			);
			runOnlyForDeploymentPostprocessing = 0;
		};
		E45957E12029AC3B00C48F71 /* Resources */ = {
			isa = PBXResourcesBuildPhase;
			buildActionMask = 2147483647;
			files = (
			);
			runOnlyForDeploymentPostprocessing = 0;
		};
/* End PBXResourcesBuildPhase section */

/* Begin PBXSourcesBuildPhase section */
		E45957BC2029AC3B00C48F71 /* Sources */ = {
			isa = PBXSourcesBuildPhase;
			buildActionMask = 2147483647;
			files = (
				E45957C82029AC3B00C48F71 /* ViewController.m in Sources */,
				E45957D32029AC3B00C48F71 /* main.m in Sources */,
				E45957C52029AC3B00C48F71 /* AppDelegate.m in Sources */,
			);
			runOnlyForDeploymentPostprocessing = 0;
		};
		E45957D42029AC3B00C48F71 /* Sources */ = {
			isa = PBXSourcesBuildPhase;
			buildActionMask = 2147483647;
			files = (
				E45957DD2029AC3B00C48F71 /* _5_UIButton_UIImageView___Tests.m in Sources */,
			);
			runOnlyForDeploymentPostprocessing = 0;
		};
		E45957DF2029AC3B00C48F71 /* Sources */ = {
			isa = PBXSourcesBuildPhase;
			buildActionMask = 2147483647;
			files = (
				E45957E82029AC3B00C48F71 /* _5_UIButton_UIImageView___UITests.m in Sources */,
			);
			runOnlyForDeploymentPostprocessing = 0;
		};
/* End PBXSourcesBuildPhase section */

/* Begin PBXTargetDependency section */
		E45957DA2029AC3B00C48F71 /* PBXTargetDependency */ = {
			isa = PBXTargetDependency;
			target = E45957BF2029AC3B00C48F71 /* 05-UIButton和UIImageView的区别 */;
			targetProxy = E45957D92029AC3B00C48F71 /* PBXContainerItemProxy */;
		};
		E45957E52029AC3B00C48F71 /* PBXTargetDependency */ = {
			isa = PBXTargetDependency;
			target = E45957BF2029AC3B00C48F71 /* 05-UIButton和UIImageView的区别 */;
			targetProxy = E45957E42029AC3B00C48F71 /* PBXContainerItemProxy */;
		};
/* End PBXTargetDependency section */

/* Begin PBXVariantGroup section */
		E45957C92029AC3B00C48F71 /* Main.storyboard */ = {
			isa = PBXVariantGroup;
			children = (
				E45957CA2029AC3B00C48F71 /* Base */,
			);
			name = Main.storyboard;
			sourceTree = "<group>";
		};
		E45957CE2029AC3B00C48F71 /* LaunchScreen.storyboard */ = {
			isa = PBXVariantGroup;
			children = (
				E45957CF2029AC3B00C48F71 /* Base */,
			);
			name = LaunchScreen.storyboard;
			sourceTree = "<group>";
		};
/* End PBXVariantGroup section */

/* Begin XCBuildConfiguration section */
		E45957EA2029AC3B00C48F71 /* Debug */ = {
			isa = XCBuildConfiguration;
			buildSettings = {
				ALWAYS_SEARCH_USER_PATHS = NO;
				CLANG_ANALYZER_NONNULL = YES;
				CLANG_ANALYZER_NUMBER_OBJECT_CONVERSION = YES_AGGRESSIVE;
				CLANG_CXX_LANGUAGE_STANDARD = "gnu++14";
				CLANG_CXX_LIBRARY = "libc++";
				CLANG_ENABLE_MODULES = YES;
				CLANG_ENABLE_OBJC_ARC = YES;
				CLANG_WARN_BLOCK_CAPTURE_AUTORELEASING = YES;
				CLANG_WARN_BOOL_CONVERSION = YES;
				CLANG_WARN_COMMA = YES;
				CLANG_WARN_CONSTANT_CONVERSION = YES;
				CLANG_WARN_DIRECT_OBJC_ISA_USAGE = YES_ERROR;
				CLANG_WARN_DOCUMENTATION_COMMENTS = YES;
				CLANG_WARN_EMPTY_BODY = YES;
				CLANG_WARN_ENUM_CONVERSION = YES;
				CLANG_WARN_INFINITE_RECURSION = YES;
				CLANG_WARN_INT_CONVERSION = YES;
				CLANG_WARN_NON_LITERAL_NULL_CONVERSION = YES;
				CLANG_WARN_OBJC_LITERAL_CONVERSION = YES;
				CLANG_WARN_OBJC_ROOT_CLASS = YES_ERROR;
				CLANG_WARN_RANGE_LOOP_ANALYSIS = YES;
				CLANG_WARN_STRICT_PROTOTYPES = YES;
				CLANG_WARN_SUSPICIOUS_MOVE = YES;
				CLANG_WARN_UNGUARDED_AVAILABILITY = YES_AGGRESSIVE;
				CLANG_WARN_UNREACHABLE_CODE = YES;
				CLANG_WARN__DUPLICATE_METHOD_MATCH = YES;
				CODE_SIGN_IDENTITY = "iPhone Developer";
				COPY_PHASE_STRIP = NO;
				DEBUG_INFORMATION_FORMAT = dwarf;
				ENABLE_STRICT_OBJC_MSGSEND = YES;
				ENABLE_TESTABILITY = YES;
				GCC_C_LANGUAGE_STANDARD = gnu11;
				GCC_DYNAMIC_NO_PIC = NO;
				GCC_NO_COMMON_BLOCKS = YES;
				GCC_OPTIMIZATION_LEVEL = 0;
				GCC_PREPROCESSOR_DEFINITIONS = (
					"DEBUG=1",
					"$(inherited)",
				);
				GCC_WARN_64_TO_32_BIT_CONVERSION = YES;
				GCC_WARN_ABOUT_RETURN_TYPE = YES_ERROR;
				GCC_WARN_UNDECLARED_SELECTOR = YES;
				GCC_WARN_UNINITIALIZED_AUTOS = YES_AGGRESSIVE;
				GCC_WARN_UNUSED_FUNCTION = YES;
				GCC_WARN_UNUSED_VARIABLE = YES;
				IPHONEOS_DEPLOYMENT_TARGET = 11.2;
				MTL_ENABLE_DEBUG_INFO = YES;
				ONLY_ACTIVE_ARCH = YES;
				SDKROOT = iphoneos;
			};
			name = Debug;
		};
		E45957EB2029AC3B00C48F71 /* Release */ = {
			isa = XCBuildConfiguration;
			buildSettings = {
				ALWAYS_SEARCH_USER_PATHS = NO;
				CLANG_ANALYZER_NONNULL = YES;
				CLANG_ANALYZER_NUMBER_OBJECT_CONVERSION = YES_AGGRESSIVE;
				CLANG_CXX_LANGUAGE_STANDARD = "gnu++14";
				CLANG_CXX_LIBRARY = "libc++";
				CLANG_ENABLE_MODULES = YES;
				CLANG_ENABLE_OBJC_ARC = YES;
				CLANG_WARN_BLOCK_CAPTURE_AUTORELEASING = YES;
				CLANG_WARN_BOOL_CONVERSION = YES;
				CLANG_WARN_COMMA = YES;
				CLANG_WARN_CONSTANT_CONVERSION = YES;
				CLANG_WARN_DIRECT_OBJC_ISA_USAGE = YES_ERROR;
				CLANG_WARN_DOCUMENTATION_COMMENTS = YES;
				CLANG_WARN_EMPTY_BODY = YES;
				CLANG_WARN_ENUM_CONVERSION = YES;
				CLANG_WARN_INFINITE_RECURSION = YES;
				CLANG_WARN_INT_CONVERSION = YES;
				CLANG_WARN_NON_LITERAL_NULL_CONVERSION = YES;
				CLANG_WARN_OBJC_LITERAL_CONVERSION = YES;
				CLANG_WARN_OBJC_ROOT_CLASS = YES_ERROR;
				CLANG_WARN_RANGE_LOOP_ANALYSIS = YES;
				CLANG_WARN_STRICT_PROTOTYPES = YES;
				CLANG_WARN_SUSPICIOUS_MOVE = YES;
				CLANG_WARN_UNGUARDED_AVAILABILITY = YES_AGGRESSIVE;
				CLANG_WARN_UNREACHABLE_CODE = YES;
				CLANG_WARN__DUPLICATE_METHOD_MATCH = YES;
				CODE_SIGN_IDENTITY = "iPhone Developer";
				COPY_PHASE_STRIP = NO;
				DEBUG_INFORMATION_FORMAT = "dwarf-with-dsym";
				ENABLE_NS_ASSERTIONS = NO;
				ENABLE_STRICT_OBJC_MSGSEND = YES;
				GCC_C_LANGUAGE_STANDARD = gnu11;
				GCC_NO_COMMON_BLOCKS = YES;
				GCC_WARN_64_TO_32_BIT_CONVERSION = YES;
				GCC_WARN_ABOUT_RETURN_TYPE = YES_ERROR;
				GCC_WARN_UNDECLARED_SELECTOR = YES;
				GCC_WARN_UNINITIALIZED_AUTOS = YES_AGGRESSIVE;
				GCC_WARN_UNUSED_FUNCTION = YES;
				GCC_WARN_UNUSED_VARIABLE = YES;
				IPHONEOS_DEPLOYMENT_TARGET = 11.2;
				MTL_ENABLE_DEBUG_INFO = NO;
				SDKROOT = iphoneos;
				VALIDATE_PRODUCT = YES;
			};
			name = Release;
		};
		E45957ED2029AC3B00C48F71 /* Debug */ = {
			isa = XCBuildConfiguration;
			buildSettings = {
				ASSETCATALOG_COMPILER_APPICON_NAME = AppIcon;
				CODE_SIGN_STYLE = Automatic;
				DEVELOPMENT_TEAM = G5LC679EYX;
				INFOPLIST_FILE = "05-UIButton和UIImageView的区别/Info.plist";
				LD_RUNPATH_SEARCH_PATHS = "$(inherited) @executable_path/Frameworks";
				PRODUCT_BUNDLE_IDENTIFIER = "com.thinkofsomethingclever.-5-UIButton-UIImageView---";
				PRODUCT_NAME = "$(TARGET_NAME)";
				TARGETED_DEVICE_FAMILY = "1,2";
			};
			name = Debug;
		};
		E45957EE2029AC3B00C48F71 /* Release */ = {
			isa = XCBuildConfiguration;
			buildSettings = {
				ASSETCATALOG_COMPILER_APPICON_NAME = AppIcon;
				CODE_SIGN_STYLE = Automatic;
				DEVELOPMENT_TEAM = G5LC679EYX;
				INFOPLIST_FILE = "05-UIButton和UIImageView的区别/Info.plist";
				LD_RUNPATH_SEARCH_PATHS = "$(inherited) @executable_path/Frameworks";
				PRODUCT_BUNDLE_IDENTIFIER = "com.thinkofsomethingclever.-5-UIButton-UIImageView---";
				PRODUCT_NAME = "$(TARGET_NAME)";
				TARGETED_DEVICE_FAMILY = "1,2";
			};
			name = Release;
		};
		E45957F02029AC3B00C48F71 /* Debug */ = {
			isa = XCBuildConfiguration;
			buildSettings = {
				BUNDLE_LOADER = "$(TEST_HOST)";
				CODE_SIGN_STYLE = Automatic;
				DEVELOPMENT_TEAM = G5LC679EYX;
				INFOPLIST_FILE = "05-UIButton和UIImageView的区别Tests/Info.plist";
				LD_RUNPATH_SEARCH_PATHS = "$(inherited) @executable_path/Frameworks @loader_path/Frameworks";
				PRODUCT_BUNDLE_IDENTIFIER = "com.thinkofsomethingclever.-5-UIButton-UIImageView---Tests";
				PRODUCT_NAME = "$(TARGET_NAME)";
				TARGETED_DEVICE_FAMILY = "1,2";
				TEST_HOST = "$(BUILT_PRODUCTS_DIR)/05-UIButton和UIImageView的区别.app/05-UIButton和UIImageView的区别";
			};
			name = Debug;
		};
		E45957F12029AC3B00C48F71 /* Release */ = {
			isa = XCBuildConfiguration;
			buildSettings = {
				BUNDLE_LOADER = "$(TEST_HOST)";
				CODE_SIGN_STYLE = Automatic;
				DEVELOPMENT_TEAM = G5LC679EYX;
				INFOPLIST_FILE = "05-UIButton和UIImageView的区别Tests/Info.plist";
				LD_RUNPATH_SEARCH_PATHS = "$(inherited) @executable_path/Frameworks @loader_path/Frameworks";
				PRODUCT_BUNDLE_IDENTIFIER = "com.thinkofsomethingclever.-5-UIButton-UIImageView---Tests";
				PRODUCT_NAME = "$(TARGET_NAME)";
				TARGETED_DEVICE_FAMILY = "1,2";
				TEST_HOST = "$(BUILT_PRODUCTS_DIR)/05-UIButton和UIImageView的区别.app/05-UIButton和UIImageView的区别";
			};
			name = Release;
		};
		E45957F32029AC3B00C48F71 /* Debug */ = {
			isa = XCBuildConfiguration;
			buildSettings = {
				CODE_SIGN_STYLE = Automatic;
				DEVELOPMENT_TEAM = G5LC679EYX;
				INFOPLIST_FILE = "05-UIButton和UIImageView的区别UITests/Info.plist";
				LD_RUNPATH_SEARCH_PATHS = "$(inherited) @executable_path/Frameworks @loader_path/Frameworks";
				PRODUCT_BUNDLE_IDENTIFIER = "com.thinkofsomethingclever.-5-UIButton-UIImageView---UITests";
				PRODUCT_NAME = "$(TARGET_NAME)";
				TARGETED_DEVICE_FAMILY = "1,2";
				TEST_TARGET_NAME = "05-UIButton和UIImageView的区别";
			};
			name = Debug;
		};
		E45957F42029AC3B00C48F71 /* Release */ = {
			isa = XCBuildConfiguration;
			buildSettings = {
				CODE_SIGN_STYLE = Automatic;
				DEVELOPMENT_TEAM = G5LC679EYX;
				INFOPLIST_FILE = "05-UIButton和UIImageView的区别UITests/Info.plist";
				LD_RUNPATH_SEARCH_PATHS = "$(inherited) @executable_path/Frameworks @loader_path/Frameworks";
				PRODUCT_BUNDLE_IDENTIFIER = "com.thinkofsomethingclever.-5-UIButton-UIImageView---UITests";
				PRODUCT_NAME = "$(TARGET_NAME)";
				TARGETED_DEVICE_FAMILY = "1,2";
				TEST_TARGET_NAME = "05-UIButton和UIImageView的区别";
			};
			name = Release;
		};
/* End XCBuildConfiguration section */

/* Begin XCConfigurationList section */
		E45957BB2029AC3B00C48F71 /* Build configuration list for PBXProject "05-UIButton和UIImageView的区别" */ = {
			isa = XCConfigurationList;
			buildConfigurations = (
				E45957EA2029AC3B00C48F71 /* Debug */,
				E45957EB2029AC3B00C48F71 /* Release */,
			);
			defaultConfigurationIsVisible = 0;
			defaultConfigurationName = Release;
		};
		E45957EC2029AC3B00C48F71 /* Build configuration list for PBXNativeTarget "05-UIButton和UIImageView的区别" */ = {
			isa = XCConfigurationList;
			buildConfigurations = (
				E45957ED2029AC3B00C48F71 /* Debug */,
				E45957EE2029AC3B00C48F71 /* Release */,
			);
			defaultConfigurationIsVisible = 0;
			defaultConfigurationName = Release;
		};
		E45957EF2029AC3B00C48F71 /* Build configuration list for PBXNativeTarget "05-UIButton和UIImageView的区别Tests" */ = {
			isa = XCConfigurationList;
			buildConfigurations = (
				E45957F02029AC3B00C48F71 /* Debug */,
				E45957F12029AC3B00C48F71 /* Release */,
			);
			defaultConfigurationIsVisible = 0;
			defaultConfigurationName = Release;
		};
		E45957F22029AC3B00C48F71 /* Build configuration list for PBXNativeTarget "05-UIButton和UIImageView的区别UITests" */ = {
			isa = XCConfigurationList;
			buildConfigurations = (
				E45957F32029AC3B00C48F71 /* Debug */,
				E45957F42029AC3B00C48F71 /* Release */,
			);
			defaultConfigurationIsVisible = 0;
			defaultConfigurationName = Release;
		};
/* End XCConfigurationList section */
	};
	rootObject = E45957B82029AC3B00C48F71 /* Project object */;
}
