// !$*UTF8*$!
{
	archiveVersion = 1;
	classes = {
	};
	objectVersion = 48;
	objects = {

/* Begin PBXBuildFile section */
		E4ED63E8201E0B9100D40671 /* AppDelegate.m in Sources */ = {isa = PBXBuildFile; fileRef = E4ED63E7201E0B9100D40671 /* AppDelegate.m */; };
		E4ED63EB201E0B9100D40671 /* ViewController.m in Sources */ = {isa = PBXBuildFile; fileRef = E4ED63EA201E0B9100D40671 /* ViewController.m */; };
		E4ED63EE201E0B9100D40671 /* Main.storyboard in Resources */ = {isa = PBXBuildFile; fileRef = E4ED63EC201E0B9100D40671 /* Main.storyboard */; };
		E4ED63F0201E0B9100D40671 /* Assets.xcassets in Resources */ = {isa = PBXBuildFile; fileRef = E4ED63EF201E0B9100D40671 /* Assets.xcassets */; };
		E4ED63F3201E0B9100D40671 /* LaunchScreen.storyboard in Resources */ = {isa = PBXBuildFile; fileRef = E4ED63F1201E0B9100D40671 /* LaunchScreen.storyboard */; };
		E4ED63F6201E0B9100D40671 /* main.m in Sources */ = {isa = PBXBuildFile; fileRef = E4ED63F5201E0B9100D40671 /* main.m */; };
		E4ED6400201E0B9100D40671 /* _1____iOS__Tests.m in Sources */ = {isa = PBXBuildFile; fileRef = E4ED63FF201E0B9100D40671 /* _1____iOS__Tests.m */; };
		E4ED640B201E0B9100D40671 /* _1____iOS__UITests.m in Sources */ = {isa = PBXBuildFile; fileRef = E4ED640A201E0B9100D40671 /* _1____iOS__UITests.m */; };
/* End PBXBuildFile section */

/* Begin PBXContainerItemProxy section */
		E4ED63FC201E0B9100D40671 /* PBXContainerItemProxy */ = {
			isa = PBXContainerItemProxy;
			containerPortal = E4ED63DB201E0B9000D40671 /* Project object */;
			proxyType = 1;
			remoteGlobalIDString = E4ED63E2201E0B9000D40671;
			remoteInfo = "01-第一个iOS程序";
		};
		E4ED6407201E0B9100D40671 /* PBXContainerItemProxy */ = {
			isa = PBXContainerItemProxy;
			containerPortal = E4ED63DB201E0B9000D40671 /* Project object */;
			proxyType = 1;
			remoteGlobalIDString = E4ED63E2201E0B9000D40671;
			remoteInfo = "01-第一个iOS程序";
		};
/* End PBXContainerItemProxy section */

/* Begin PBXFileReference section */
		E4ED63E3201E0B9000D40671 /* 01-第一个iOS程序.app */ = {isa = PBXFileReference; explicitFileType = wrapper.application; includeInIndex = 0; path = "01-第一个iOS程序.app"; sourceTree = BUILT_PRODUCTS_DIR; };
		E4ED63E6201E0B9100D40671 /* AppDelegate.h */ = {isa = PBXFileReference; lastKnownFileType = sourcecode.c.h; path = AppDelegate.h; sourceTree = "<group>"; };
		E4ED63E7201E0B9100D40671 /* AppDelegate.m */ = {isa = PBXFileReference; lastKnownFileType = sourcecode.c.objc; path = AppDelegate.m; sourceTree = "<group>"; };
		E4ED63E9201E0B9100D40671 /* ViewController.h */ = {isa = PBXFileReference; lastKnownFileType = sourcecode.c.h; path = ViewController.h; sourceTree = "<group>"; };
		E4ED63EA201E0B9100D40671 /* ViewController.m */ = {isa = PBXFileReference; lastKnownFileType = sourcecode.c.objc; path = ViewController.m; sourceTree = "<group>"; };
		E4ED63ED201E0B9100D40671 /* Base */ = {isa = PBXFileReference; lastKnownFileType = file.storyboard; name = Base; path = Base.lproj/Main.storyboard; sourceTree = "<group>"; };
		E4ED63EF201E0B9100D40671 /* Assets.xcassets */ = {isa = PBXFileReference; lastKnownFileType = folder.assetcatalog; path = Assets.xcassets; sourceTree = "<group>"; };
		E4ED63F2201E0B9100D40671 /* Base */ = {isa = PBXFileReference; lastKnownFileType = file.storyboard; name = Base; path = Base.lproj/LaunchScreen.storyboard; sourceTree = "<group>"; };
		E4ED63F4201E0B9100D40671 /* Info.plist */ = {isa = PBXFileReference; lastKnownFileType = text.plist.xml; path = Info.plist; sourceTree = "<group>"; };
		E4ED63F5201E0B9100D40671 /* main.m */ = {isa = PBXFileReference; lastKnownFileType = sourcecode.c.objc; path = main.m; sourceTree = "<group>"; };
		E4ED63FB201E0B9100D40671 /* 01-第一个iOS程序Tests.xctest */ = {isa = PBXFileReference; explicitFileType = wrapper.cfbundle; includeInIndex = 0; path = "01-第一个iOS程序Tests.xctest"; sourceTree = BUILT_PRODUCTS_DIR; };
		E4ED63FF201E0B9100D40671 /* _1____iOS__Tests.m */ = {isa = PBXFileReference; lastKnownFileType = sourcecode.c.objc; path = "_1____iOS__Tests.m"; sourceTree = "<group>"; };
		E4ED6401201E0B9100D40671 /* Info.plist */ = {isa = PBXFileReference; lastKnownFileType = text.plist.xml; path = Info.plist; sourceTree = "<group>"; };
		E4ED6406201E0B9100D40671 /* 01-第一个iOS程序UITests.xctest */ = {isa = PBXFileReference; explicitFileType = wrapper.cfbundle; includeInIndex = 0; path = "01-第一个iOS程序UITests.xctest"; sourceTree = BUILT_PRODUCTS_DIR; };
		E4ED640A201E0B9100D40671 /* _1____iOS__UITests.m */ = {isa = PBXFileReference; lastKnownFileType = sourcecode.c.objc; path = "_1____iOS__UITests.m"; sourceTree = "<group>"; };
		E4ED640C201E0B9100D40671 /* Info.plist */ = {isa = PBXFileReference; lastKnownFileType = text.plist.xml; path = Info.plist; sourceTree = "<group>"; };
/* End PBXFileReference section */

/* Begin PBXFrameworksBuildPhase section */
		E4ED63E0201E0B9000D40671 /* Frameworks */ = {
			isa = PBXFrameworksBuildPhase;
			buildActionMask = 2147483647;
			files = (
			);
			runOnlyForDeploymentPostprocessing = 0;
		};
		E4ED63F8201E0B9100D40671 /* Frameworks */ = {
			isa = PBXFrameworksBuildPhase;
			buildActionMask = 2147483647;
			files = (
			);
			runOnlyForDeploymentPostprocessing = 0;
		};
		E4ED6403201E0B9100D40671 /* Frameworks */ = {
			isa = PBXFrameworksBuildPhase;
			buildActionMask = 2147483647;
			files = (
			);
			runOnlyForDeploymentPostprocessing = 0;
		};
/* End PBXFrameworksBuildPhase section */

/* Begin PBXGroup section */
		E4ED63DA201E0B9000D40671 = {
			isa = PBXGroup;
			children = (
				E4ED63E5201E0B9100D40671 /* 01-第一个iOS程序 */,
				E4ED63FE201E0B9100D40671 /* 01-第一个iOS程序Tests */,
				E4ED6409201E0B9100D40671 /* 01-第一个iOS程序UITests */,
				E4ED63E4201E0B9000D40671 /* Products */,
			);
			sourceTree = "<group>";
		};
		E4ED63E4201E0B9000D40671 /* Products */ = {
			isa = PBXGroup;
			children = (
				E4ED63E3201E0B9000D40671 /* 01-第一个iOS程序.app */,
				E4ED63FB201E0B9100D40671 /* 01-第一个iOS程序Tests.xctest */,
				E4ED6406201E0B9100D40671 /* 01-第一个iOS程序UITests.xctest */,
			);
			name = Products;
			sourceTree = "<group>";
		};
		E4ED63E5201E0B9100D40671 /* 01-第一个iOS程序 */ = {
			isa = PBXGroup;
			children = (
				E4ED63E6201E0B9100D40671 /* AppDelegate.h */,
				E4ED63E7201E0B9100D40671 /* AppDelegate.m */,
				E4ED63E9201E0B9100D40671 /* ViewController.h */,
				E4ED63EA201E0B9100D40671 /* ViewController.m */,
				E4ED63EC201E0B9100D40671 /* Main.storyboard */,
				E4ED63EF201E0B9100D40671 /* Assets.xcassets */,
				E4ED63F1201E0B9100D40671 /* LaunchScreen.storyboard */,
				E4ED63F4201E0B9100D40671 /* Info.plist */,
				E4ED63F5201E0B9100D40671 /* main.m */,
			);
			path = "01-第一个iOS程序";
			sourceTree = "<group>";
		};
		E4ED63FE201E0B9100D40671 /* 01-第一个iOS程序Tests */ = {
			isa = PBXGroup;
			children = (
				E4ED63FF201E0B9100D40671 /* _1____iOS__Tests.m */,
				E4ED6401201E0B9100D40671 /* Info.plist */,
			);
			path = "01-第一个iOS程序Tests";
			sourceTree = "<group>";
		};
		E4ED6409201E0B9100D40671 /* 01-第一个iOS程序UITests */ = {
			isa = PBXGroup;
			children = (
				E4ED640A201E0B9100D40671 /* _1____iOS__UITests.m */,
				E4ED640C201E0B9100D40671 /* Info.plist */,
			);
			path = "01-第一个iOS程序UITests";
			sourceTree = "<group>";
		};
/* End PBXGroup section */

/* Begin PBXNativeTarget section */
		E4ED63E2201E0B9000D40671 /* 01-第一个iOS程序 */ = {
			isa = PBXNativeTarget;
			buildConfigurationList = E4ED640F201E0B9100D40671 /* Build configuration list for PBXNativeTarget "01-第一个iOS程序" */;
			buildPhases = (
				E4ED63DF201E0B9000D40671 /* Sources */,
				E4ED63E0201E0B9000D40671 /* Frameworks */,
				E4ED63E1201E0B9000D40671 /* Resources */,
			);
			buildRules = (
			);
			dependencies = (
			);
			name = "01-第一个iOS程序";
			productName = "01-第一个iOS程序";
			productReference = E4ED63E3201E0B9000D40671 /* 01-第一个iOS程序.app */;
			productType = "com.apple.product-type.application";
		};
		E4ED63FA201E0B9100D40671 /* 01-第一个iOS程序Tests */ = {
			isa = PBXNativeTarget;
			buildConfigurationList = E4ED6412201E0B9100D40671 /* Build configuration list for PBXNativeTarget "01-第一个iOS程序Tests" */;
			buildPhases = (
				E4ED63F7201E0B9100D40671 /* Sources */,
				E4ED63F8201E0B9100D40671 /* Frameworks */,
				E4ED63F9201E0B9100D40671 /* Resources */,
			);
			buildRules = (
			);
			dependencies = (
				E4ED63FD201E0B9100D40671 /* PBXTargetDependency */,
			);
			name = "01-第一个iOS程序Tests";
			productName = "01-第一个iOS程序Tests";
			productReference = E4ED63FB201E0B9100D40671 /* 01-第一个iOS程序Tests.xctest */;
			productType = "com.apple.product-type.bundle.unit-test";
		};
		E4ED6405201E0B9100D40671 /* 01-第一个iOS程序UITests */ = {
			isa = PBXNativeTarget;
			buildConfigurationList = E4ED6415201E0B9100D40671 /* Build configuration list for PBXNativeTarget "01-第一个iOS程序UITests" */;
			buildPhases = (
				E4ED6402201E0B9100D40671 /* Sources */,
				E4ED6403201E0B9100D40671 /* Frameworks */,
				E4ED6404201E0B9100D40671 /* Resources */,
			);
			buildRules = (
			);
			dependencies = (
				E4ED6408201E0B9100D40671 /* PBXTargetDependency */,
			);
			name = "01-第一个iOS程序UITests";
			productName = "01-第一个iOS程序UITests";
			productReference = E4ED6406201E0B9100D40671 /* 01-第一个iOS程序UITests.xctest */;
			productType = "com.apple.product-type.bundle.ui-testing";
		};
/* End PBXNativeTarget section */

/* Begin PBXProject section */
		E4ED63DB201E0B9000D40671 /* Project object */ = {
			isa = PBXProject;
			attributes = {
				LastUpgradeCheck = 0920;
				ORGANIZATIONNAME = captain;
				TargetAttributes = {
					E4ED63E2201E0B9000D40671 = {
						CreatedOnToolsVersion = 9.2;
						ProvisioningStyle = Automatic;
					};
					E4ED63FA201E0B9100D40671 = {
						CreatedOnToolsVersion = 9.2;
						ProvisioningStyle = Automatic;
						TestTargetID = E4ED63E2201E0B9000D40671;
					};
					E4ED6405201E0B9100D40671 = {
						CreatedOnToolsVersion = 9.2;
						ProvisioningStyle = Automatic;
						TestTargetID = E4ED63E2201E0B9000D40671;
					};
				};
			};
			buildConfigurationList = E4ED63DE201E0B9000D40671 /* Build configuration list for PBXProject "01-第一个iOS程序" */;
			compatibilityVersion = "Xcode 8.0";
			developmentRegion = en;
			hasScannedForEncodings = 0;
			knownRegions = (
				en,
				Base,
			);
			mainGroup = E4ED63DA201E0B9000D40671;
			productRefGroup = E4ED63E4201E0B9000D40671 /* Products */;
			projectDirPath = "";
			projectRoot = "";
			targets = (
				E4ED63E2201E0B9000D40671 /* 01-第一个iOS程序 */,
				E4ED63FA201E0B9100D40671 /* 01-第一个iOS程序Tests */,
				E4ED6405201E0B9100D40671 /* 01-第一个iOS程序UITests */,
			);
		};
/* End PBXProject section */

/* Begin PBXResourcesBuildPhase section */
		E4ED63E1201E0B9000D40671 /* Resources */ = {
			isa = PBXResourcesBuildPhase;
			buildActionMask = 2147483647;
			files = (
				E4ED63F3201E0B9100D40671 /* LaunchScreen.storyboard in Resources */,
				E4ED63F0201E0B9100D40671 /* Assets.xcassets in Resources */,
				E4ED63EE201E0B9100D40671 /* Main.storyboard in Resources */,
			);
			runOnlyForDeploymentPostprocessing = 0;
		};
		E4ED63F9201E0B9100D40671 /* Resources */ = {
			isa = PBXResourcesBuildPhase;
			buildActionMask = 2147483647;
			files = (
			);
			runOnlyForDeploymentPostprocessing = 0;
		};
		E4ED6404201E0B9100D40671 /* Resources */ = {
			isa = PBXResourcesBuildPhase;
			buildActionMask = 2147483647;
			files = (
			);
			runOnlyForDeploymentPostprocessing = 0;
		};
/* End PBXResourcesBuildPhase section */

/* Begin PBXSourcesBuildPhase section */
		E4ED63DF201E0B9000D40671 /* Sources */ = {
			isa = PBXSourcesBuildPhase;
			buildActionMask = 2147483647;
			files = (
				E4ED63EB201E0B9100D40671 /* ViewController.m in Sources */,
				E4ED63F6201E0B9100D40671 /* main.m in Sources */,
				E4ED63E8201E0B9100D40671 /* AppDelegate.m in Sources */,
			);
			runOnlyForDeploymentPostprocessing = 0;
		};
		E4ED63F7201E0B9100D40671 /* Sources */ = {
			isa = PBXSourcesBuildPhase;
			buildActionMask = 2147483647;
			files = (
				E4ED6400201E0B9100D40671 /* _1____iOS__Tests.m in Sources */,
			);
			runOnlyForDeploymentPostprocessing = 0;
		};
		E4ED6402201E0B9100D40671 /* Sources */ = {
			isa = PBXSourcesBuildPhase;
			buildActionMask = 2147483647;
			files = (
				E4ED640B201E0B9100D40671 /* _1____iOS__UITests.m in Sources */,
			);
			runOnlyForDeploymentPostprocessing = 0;
		};
/* End PBXSourcesBuildPhase section */

/* Begin PBXTargetDependency section */
		E4ED63FD201E0B9100D40671 /* PBXTargetDependency */ = {
			isa = PBXTargetDependency;
			target = E4ED63E2201E0B9000D40671 /* 01-第一个iOS程序 */;
			targetProxy = E4ED63FC201E0B9100D40671 /* PBXContainerItemProxy */;
		};
		E4ED6408201E0B9100D40671 /* PBXTargetDependency */ = {
			isa = PBXTargetDependency;
			target = E4ED63E2201E0B9000D40671 /* 01-第一个iOS程序 */;
			targetProxy = E4ED6407201E0B9100D40671 /* PBXContainerItemProxy */;
		};
/* End PBXTargetDependency section */

/* Begin PBXVariantGroup section */
		E4ED63EC201E0B9100D40671 /* Main.storyboard */ = {
			isa = PBXVariantGroup;
			children = (
				E4ED63ED201E0B9100D40671 /* Base */,
			);
			name = Main.storyboard;
			sourceTree = "<group>";
		};
		E4ED63F1201E0B9100D40671 /* LaunchScreen.storyboard */ = {
			isa = PBXVariantGroup;
			children = (
				E4ED63F2201E0B9100D40671 /* Base */,
			);
			name = LaunchScreen.storyboard;
			sourceTree = "<group>";
		};
/* End PBXVariantGroup section */

/* Begin XCBuildConfiguration section */
		E4ED640D201E0B9100D40671 /* Debug */ = {
			isa = XCBuildConfiguration;
			buildSettings = {
				ALWAYS_SEARCH_USER_PATHS = NO;
				CLANG_ANALYZER_NONNULL = YES;
				CLANG_ANALYZER_NUMBER_OBJECT_CONVERSION = YES_AGGRESSIVE;
				CLANG_CXX_LANGUAGE_STANDARD = "gnu++14";
				CLANG_CXX_LIBRARY = "libc++";
				CLANG_ENABLE_MODULES = YES;
				CLANG_ENABLE_OBJC_ARC = YES;
				CLANG_WARN_BLOCK_CAPTURE_AUTORELEASING = YES;
				CLANG_WARN_BOOL_CONVERSION = YES;
				CLANG_WARN_COMMA = YES;
				CLANG_WARN_CONSTANT_CONVERSION = YES;
				CLANG_WARN_DIRECT_OBJC_ISA_USAGE = YES_ERROR;
				CLANG_WARN_DOCUMENTATION_COMMENTS = YES;
				CLANG_WARN_EMPTY_BODY = YES;
				CLANG_WARN_ENUM_CONVERSION = YES;
				CLANG_WARN_INFINITE_RECURSION = YES;
				CLANG_WARN_INT_CONVERSION = YES;
				CLANG_WARN_NON_LITERAL_NULL_CONVERSION = YES;
				CLANG_WARN_OBJC_LITERAL_CONVERSION = YES;
				CLANG_WARN_OBJC_ROOT_CLASS = YES_ERROR;
				CLANG_WARN_RANGE_LOOP_ANALYSIS = YES;
				CLANG_WARN_STRICT_PROTOTYPES = YES;
				CLANG_WARN_SUSPICIOUS_MOVE = YES;
				CLANG_WARN_UNGUARDED_AVAILABILITY = YES_AGGRESSIVE;
				CLANG_WARN_UNREACHABLE_CODE = YES;
				CLANG_WARN__DUPLICATE_METHOD_MATCH = YES;
				CODE_SIGN_IDENTITY = "iPhone Developer";
				COPY_PHASE_STRIP = NO;
				DEBUG_INFORMATION_FORMAT = dwarf;
				ENABLE_STRICT_OBJC_MSGSEND = YES;
				ENABLE_TESTABILITY = YES;
				GCC_C_LANGUAGE_STANDARD = gnu11;
				GCC_DYNAMIC_NO_PIC = NO;
				GCC_NO_COMMON_BLOCKS = YES;
				GCC_OPTIMIZATION_LEVEL = 0;
				GCC_PREPROCESSOR_DEFINITIONS = (
					"DEBUG=1",
					"$(inherited)",
				);
				GCC_WARN_64_TO_32_BIT_CONVERSION = YES;
				GCC_WARN_ABOUT_RETURN_TYPE = YES_ERROR;
				GCC_WARN_UNDECLARED_SELECTOR = YES;
				GCC_WARN_UNINITIALIZED_AUTOS = YES_AGGRESSIVE;
				GCC_WARN_UNUSED_FUNCTION = YES;
				GCC_WARN_UNUSED_VARIABLE = YES;
				IPHONEOS_DEPLOYMENT_TARGET = 11.2;
				MTL_ENABLE_DEBUG_INFO = YES;
				ONLY_ACTIVE_ARCH = YES;
				SDKROOT = iphoneos;
			};
			name = Debug;
		};
		E4ED640E201E0B9100D40671 /* Release */ = {
			isa = XCBuildConfiguration;
			buildSettings = {
				ALWAYS_SEARCH_USER_PATHS = NO;
				CLANG_ANALYZER_NONNULL = YES;
				CLANG_ANALYZER_NUMBER_OBJECT_CONVERSION = YES_AGGRESSIVE;
				CLANG_CXX_LANGUAGE_STANDARD = "gnu++14";
				CLANG_CXX_LIBRARY = "libc++";
				CLANG_ENABLE_MODULES = YES;
				CLANG_ENABLE_OBJC_ARC = YES;
				CLANG_WARN_BLOCK_CAPTURE_AUTORELEASING = YES;
				CLANG_WARN_BOOL_CONVERSION = YES;
				CLANG_WARN_COMMA = YES;
				CLANG_WARN_CONSTANT_CONVERSION = YES;
				CLANG_WARN_DIRECT_OBJC_ISA_USAGE = YES_ERROR;
				CLANG_WARN_DOCUMENTATION_COMMENTS = YES;
				CLANG_WARN_EMPTY_BODY = YES;
				CLANG_WARN_ENUM_CONVERSION = YES;
				CLANG_WARN_INFINITE_RECURSION = YES;
				CLANG_WARN_INT_CONVERSION = YES;
				CLANG_WARN_NON_LITERAL_NULL_CONVERSION = YES;
				CLANG_WARN_OBJC_LITERAL_CONVERSION = YES;
				CLANG_WARN_OBJC_ROOT_CLASS = YES_ERROR;
				CLANG_WARN_RANGE_LOOP_ANALYSIS = YES;
				CLANG_WARN_STRICT_PROTOTYPES = YES;
				CLANG_WARN_SUSPICIOUS_MOVE = YES;
				CLANG_WARN_UNGUARDED_AVAILABILITY = YES_AGGRESSIVE;
				CLANG_WARN_UNREACHABLE_CODE = YES;
				CLANG_WARN__DUPLICATE_METHOD_MATCH = YES;
				CODE_SIGN_IDENTITY = "iPhone Developer";
				COPY_PHASE_STRIP = NO;
				DEBUG_INFORMATION_FORMAT = "dwarf-with-dsym";
				ENABLE_NS_ASSERTIONS = NO;
				ENABLE_STRICT_OBJC_MSGSEND = YES;
				GCC_C_LANGUAGE_STANDARD = gnu11;
				GCC_NO_COMMON_BLOCKS = YES;
				GCC_WARN_64_TO_32_BIT_CONVERSION = YES;
				GCC_WARN_ABOUT_RETURN_TYPE = YES_ERROR;
				GCC_WARN_UNDECLARED_SELECTOR = YES;
				GCC_WARN_UNINITIALIZED_AUTOS = YES_AGGRESSIVE;
				GCC_WARN_UNUSED_FUNCTION = YES;
				GCC_WARN_UNUSED_VARIABLE = YES;
				IPHONEOS_DEPLOYMENT_TARGET = 11.2;
				MTL_ENABLE_DEBUG_INFO = NO;
				SDKROOT = iphoneos;
				VALIDATE_PRODUCT = YES;
			};
			name = Release;
		};
		E4ED6410201E0B9100D40671 /* Debug */ = {
			isa = XCBuildConfiguration;
			buildSettings = {
				ASSETCATALOG_COMPILER_APPICON_NAME = AppIcon;
				CODE_SIGN_STYLE = Automatic;
				DEVELOPMENT_TEAM = G5LC679EYX;
				INFOPLIST_FILE = "01-第一个iOS程序/Info.plist";
				LD_RUNPATH_SEARCH_PATHS = "$(inherited) @executable_path/Frameworks";
				PRODUCT_BUNDLE_IDENTIFIER = "com.thinkofsomethingclever.-1----iOS--";
				PRODUCT_NAME = "$(TARGET_NAME)";
				TARGETED_DEVICE_FAMILY = "1,2";
			};
			name = Debug;
		};
		E4ED6411201E0B9100D40671 /* Release */ = {
			isa = XCBuildConfiguration;
			buildSettings = {
				ASSETCATALOG_COMPILER_APPICON_NAME = AppIcon;
				CODE_SIGN_STYLE = Automatic;
				DEVELOPMENT_TEAM = G5LC679EYX;
				INFOPLIST_FILE = "01-第一个iOS程序/Info.plist";
				LD_RUNPATH_SEARCH_PATHS = "$(inherited) @executable_path/Frameworks";
				PRODUCT_BUNDLE_IDENTIFIER = "com.thinkofsomethingclever.-1----iOS--";
				PRODUCT_NAME = "$(TARGET_NAME)";
				TARGETED_DEVICE_FAMILY = "1,2";
			};
			name = Release;
		};
		E4ED6413201E0B9100D40671 /* Debug */ = {
			isa = XCBuildConfiguration;
			buildSettings = {
				BUNDLE_LOADER = "$(TEST_HOST)";
				CODE_SIGN_STYLE = Automatic;
				DEVELOPMENT_TEAM = G5LC679EYX;
				INFOPLIST_FILE = "01-第一个iOS程序Tests/Info.plist";
				LD_RUNPATH_SEARCH_PATHS = "$(inherited) @executable_path/Frameworks @loader_path/Frameworks";
				PRODUCT_BUNDLE_IDENTIFIER = "com.thinkofsomethingclever.-1----iOS--Tests";
				PRODUCT_NAME = "$(TARGET_NAME)";
				TARGETED_DEVICE_FAMILY = "1,2";
				TEST_HOST = "$(BUILT_PRODUCTS_DIR)/01-第一个iOS程序.app/01-第一个iOS程序";
			};
			name = Debug;
		};
		E4ED6414201E0B9100D40671 /* Release */ = {
			isa = XCBuildConfiguration;
			buildSettings = {
				BUNDLE_LOADER = "$(TEST_HOST)";
				CODE_SIGN_STYLE = Automatic;
				DEVELOPMENT_TEAM = G5LC679EYX;
				INFOPLIST_FILE = "01-第一个iOS程序Tests/Info.plist";
				LD_RUNPATH_SEARCH_PATHS = "$(inherited) @executable_path/Frameworks @loader_path/Frameworks";
				PRODUCT_BUNDLE_IDENTIFIER = "com.thinkofsomethingclever.-1----iOS--Tests";
				PRODUCT_NAME = "$(TARGET_NAME)";
				TARGETED_DEVICE_FAMILY = "1,2";
				TEST_HOST = "$(BUILT_PRODUCTS_DIR)/01-第一个iOS程序.app/01-第一个iOS程序";
			};
			name = Release;
		};
		E4ED6416201E0B9100D40671 /* Debug */ = {
			isa = XCBuildConfiguration;
			buildSettings = {
				CODE_SIGN_STYLE = Automatic;
				DEVELOPMENT_TEAM = G5LC679EYX;
				INFOPLIST_FILE = "01-第一个iOS程序UITests/Info.plist";
				LD_RUNPATH_SEARCH_PATHS = "$(inherited) @executable_path/Frameworks @loader_path/Frameworks";
				PRODUCT_BUNDLE_IDENTIFIER = "com.thinkofsomethingclever.-1----iOS--UITests";
				PRODUCT_NAME = "$(TARGET_NAME)";
				TARGETED_DEVICE_FAMILY = "1,2";
				TEST_TARGET_NAME = "01-第一个iOS程序";
			};
			name = Debug;
		};
		E4ED6417201E0B9100D40671 /* Release */ = {
			isa = XCBuildConfiguration;
			buildSettings = {
				CODE_SIGN_STYLE = Automatic;
				DEVELOPMENT_TEAM = G5LC679EYX;
				INFOPLIST_FILE = "01-第一个iOS程序UITests/Info.plist";
				LD_RUNPATH_SEARCH_PATHS = "$(inherited) @executable_path/Frameworks @loader_path/Frameworks";
				PRODUCT_BUNDLE_IDENTIFIER = "com.thinkofsomethingclever.-1----iOS--UITests";
				PRODUCT_NAME = "$(TARGET_NAME)";
				TARGETED_DEVICE_FAMILY = "1,2";
				TEST_TARGET_NAME = "01-第一个iOS程序";
			};
			name = Release;
		};
/* End XCBuildConfiguration section */

/* Begin XCConfigurationList section */
		E4ED63DE201E0B9000D40671 /* Build configuration list for PBXProject "01-第一个iOS程序" */ = {
			isa = XCConfigurationList;
			buildConfigurations = (
				E4ED640D201E0B9100D40671 /* Debug */,
				E4ED640E201E0B9100D40671 /* Release */,
			);
			defaultConfigurationIsVisible = 0;
			defaultConfigurationName = Release;
		};
		E4ED640F201E0B9100D40671 /* Build configuration list for PBXNativeTarget "01-第一个iOS程序" */ = {
			isa = XCConfigurationList;
			buildConfigurations = (
				E4ED6410201E0B9100D40671 /* Debug */,
				E4ED6411201E0B9100D40671 /* Release */,
			);
			defaultConfigurationIsVisible = 0;
			defaultConfigurationName = Release;
		};
		E4ED6412201E0B9100D40671 /* Build configuration list for PBXNativeTarget "01-第一个iOS程序Tests" */ = {
			isa = XCConfigurationList;
			buildConfigurations = (
				E4ED6413201E0B9100D40671 /* Debug */,
				E4ED6414201E0B9100D40671 /* Release */,
			);
			defaultConfigurationIsVisible = 0;
			defaultConfigurationName = Release;
		};
		E4ED6415201E0B9100D40671 /* Build configuration list for PBXNativeTarget "01-第一个iOS程序UITests" */ = {
			isa = XCConfigurationList;
			buildConfigurations = (
				E4ED6416201E0B9100D40671 /* Debug */,
				E4ED6417201E0B9100D40671 /* Release */,
			);
			defaultConfigurationIsVisible = 0;
			defaultConfigurationName = Release;
		};
/* End XCConfigurationList section */
	};
	rootObject = E4ED63DB201E0B9000D40671 /* Project object */;
}
