// !$*UTF8*$!
{
	archiveVersion = 1;
	classes = {
	};
	objectVersion = 48;
	objects = {

/* Begin PBXBuildFile section */
		E4E384E2202D9A8D00E0533D /* AppDelegate.m in Sources */ = {isa = PBXBuildFile; fileRef = E4E384E1202D9A8D00E0533D /* AppDelegate.m */; };
		E4E384E5202D9A8D00E0533D /* ViewController.m in Sources */ = {isa = PBXBuildFile; fileRef = E4E384E4202D9A8D00E0533D /* ViewController.m */; };
		E4E384E8202D9A8D00E0533D /* Main.storyboard in Resources */ = {isa = PBXBuildFile; fileRef = E4E384E6202D9A8D00E0533D /* Main.storyboard */; };
		E4E384EA202D9A8D00E0533D /* Assets.xcassets in Resources */ = {isa = PBXBuildFile; fileRef = E4E384E9202D9A8D00E0533D /* Assets.xcassets */; };
		E4E384ED202D9A8D00E0533D /* LaunchScreen.storyboard in Resources */ = {isa = PBXBuildFile; fileRef = E4E384EB202D9A8D00E0533D /* LaunchScreen.storyboard */; };
		E4E384F0202D9A8D00E0533D /* main.m in Sources */ = {isa = PBXBuildFile; fileRef = E4E384EF202D9A8D00E0533D /* main.m */; };
		E4E384FA202D9A8D00E0533D /* _9_UIscrollView01_____Tests.m in Sources */ = {isa = PBXBuildFile; fileRef = E4E384F9202D9A8D00E0533D /* _9_UIscrollView01_____Tests.m */; };
		E4E38505202D9A8D00E0533D /* _9_UIscrollView01_____UITests.m in Sources */ = {isa = PBXBuildFile; fileRef = E4E38504202D9A8D00E0533D /* _9_UIscrollView01_____UITests.m */; };
/* End PBXBuildFile section */

/* Begin PBXContainerItemProxy section */
		E4E384F6202D9A8D00E0533D /* PBXContainerItemProxy */ = {
			isa = PBXContainerItemProxy;
			containerPortal = E4E384D5202D9A8D00E0533D /* Project object */;
			proxyType = 1;
			remoteGlobalIDString = E4E384DC202D9A8D00E0533D;
			remoteInfo = "09-UIscrollView01-大图展示";
		};
		E4E38501202D9A8D00E0533D /* PBXContainerItemProxy */ = {
			isa = PBXContainerItemProxy;
			containerPortal = E4E384D5202D9A8D00E0533D /* Project object */;
			proxyType = 1;
			remoteGlobalIDString = E4E384DC202D9A8D00E0533D;
			remoteInfo = "09-UIscrollView01-大图展示";
		};
/* End PBXContainerItemProxy section */

/* Begin PBXFileReference section */
		E4E384DD202D9A8D00E0533D /* 09-UIscrollView01-大图展示.app */ = {isa = PBXFileReference; explicitFileType = wrapper.application; includeInIndex = 0; path = "09-UIscrollView01-大图展示.app"; sourceTree = BUILT_PRODUCTS_DIR; };
		E4E384E0202D9A8D00E0533D /* AppDelegate.h */ = {isa = PBXFileReference; lastKnownFileType = sourcecode.c.h; path = AppDelegate.h; sourceTree = "<group>"; };
		E4E384E1202D9A8D00E0533D /* AppDelegate.m */ = {isa = PBXFileReference; lastKnownFileType = sourcecode.c.objc; path = AppDelegate.m; sourceTree = "<group>"; };
		E4E384E3202D9A8D00E0533D /* ViewController.h */ = {isa = PBXFileReference; lastKnownFileType = sourcecode.c.h; path = ViewController.h; sourceTree = "<group>"; };
		E4E384E4202D9A8D00E0533D /* ViewController.m */ = {isa = PBXFileReference; lastKnownFileType = sourcecode.c.objc; path = ViewController.m; sourceTree = "<group>"; };
		E4E384E7202D9A8D00E0533D /* Base */ = {isa = PBXFileReference; lastKnownFileType = file.storyboard; name = Base; path = Base.lproj/Main.storyboard; sourceTree = "<group>"; };
		E4E384E9202D9A8D00E0533D /* Assets.xcassets */ = {isa = PBXFileReference; lastKnownFileType = folder.assetcatalog; path = Assets.xcassets; sourceTree = "<group>"; };
		E4E384EC202D9A8D00E0533D /* Base */ = {isa = PBXFileReference; lastKnownFileType = file.storyboard; name = Base; path = Base.lproj/LaunchScreen.storyboard; sourceTree = "<group>"; };
		E4E384EE202D9A8D00E0533D /* Info.plist */ = {isa = PBXFileReference; lastKnownFileType = text.plist.xml; path = Info.plist; sourceTree = "<group>"; };
		E4E384EF202D9A8D00E0533D /* main.m */ = {isa = PBXFileReference; lastKnownFileType = sourcecode.c.objc; path = main.m; sourceTree = "<group>"; };
		E4E384F5202D9A8D00E0533D /* 09-UIscrollView01-大图展示Tests.xctest */ = {isa = PBXFileReference; explicitFileType = wrapper.cfbundle; includeInIndex = 0; path = "09-UIscrollView01-大图展示Tests.xctest"; sourceTree = BUILT_PRODUCTS_DIR; };
		E4E384F9202D9A8D00E0533D /* _9_UIscrollView01_____Tests.m */ = {isa = PBXFileReference; lastKnownFileType = sourcecode.c.objc; path = "_9_UIscrollView01_____Tests.m"; sourceTree = "<group>"; };
		E4E384FB202D9A8D00E0533D /* Info.plist */ = {isa = PBXFileReference; lastKnownFileType = text.plist.xml; path = Info.plist; sourceTree = "<group>"; };
		E4E38500202D9A8D00E0533D /* 09-UIscrollView01-大图展示UITests.xctest */ = {isa = PBXFileReference; explicitFileType = wrapper.cfbundle; includeInIndex = 0; path = "09-UIscrollView01-大图展示UITests.xctest"; sourceTree = BUILT_PRODUCTS_DIR; };
		E4E38504202D9A8D00E0533D /* _9_UIscrollView01_____UITests.m */ = {isa = PBXFileReference; lastKnownFileType = sourcecode.c.objc; path = "_9_UIscrollView01_____UITests.m"; sourceTree = "<group>"; };
		E4E38506202D9A8D00E0533D /* Info.plist */ = {isa = PBXFileReference; lastKnownFileType = text.plist.xml; path = Info.plist; sourceTree = "<group>"; };
/* End PBXFileReference section */

/* Begin PBXFrameworksBuildPhase section */
		E4E384DA202D9A8D00E0533D /* Frameworks */ = {
			isa = PBXFrameworksBuildPhase;
			buildActionMask = 2147483647;
			files = (
			);
			runOnlyForDeploymentPostprocessing = 0;
		};
		E4E384F2202D9A8D00E0533D /* Frameworks */ = {
			isa = PBXFrameworksBuildPhase;
			buildActionMask = 2147483647;
			files = (
			);
			runOnlyForDeploymentPostprocessing = 0;
		};
		E4E384FD202D9A8D00E0533D /* Frameworks */ = {
			isa = PBXFrameworksBuildPhase;
			buildActionMask = 2147483647;
			files = (
			);
			runOnlyForDeploymentPostprocessing = 0;
		};
/* End PBXFrameworksBuildPhase section */

/* Begin PBXGroup section */
		E4E384D4202D9A8D00E0533D = {
			isa = PBXGroup;
			children = (
				E4E384DF202D9A8D00E0533D /* 09-UIscrollView01-大图展示 */,
				E4E384F8202D9A8D00E0533D /* 09-UIscrollView01-大图展示Tests */,
				E4E38503202D9A8D00E0533D /* 09-UIscrollView01-大图展示UITests */,
				E4E384DE202D9A8D00E0533D /* Products */,
			);
			sourceTree = "<group>";
		};
		E4E384DE202D9A8D00E0533D /* Products */ = {
			isa = PBXGroup;
			children = (
				E4E384DD202D9A8D00E0533D /* 09-UIscrollView01-大图展示.app */,
				E4E384F5202D9A8D00E0533D /* 09-UIscrollView01-大图展示Tests.xctest */,
				E4E38500202D9A8D00E0533D /* 09-UIscrollView01-大图展示UITests.xctest */,
			);
			name = Products;
			sourceTree = "<group>";
		};
		E4E384DF202D9A8D00E0533D /* 09-UIscrollView01-大图展示 */ = {
			isa = PBXGroup;
			children = (
				E4E384E0202D9A8D00E0533D /* AppDelegate.h */,
				E4E384E1202D9A8D00E0533D /* AppDelegate.m */,
				E4E384E3202D9A8D00E0533D /* ViewController.h */,
				E4E384E4202D9A8D00E0533D /* ViewController.m */,
				E4E384E6202D9A8D00E0533D /* Main.storyboard */,
				E4E384E9202D9A8D00E0533D /* Assets.xcassets */,
				E4E384EB202D9A8D00E0533D /* LaunchScreen.storyboard */,
				E4E384EE202D9A8D00E0533D /* Info.plist */,
				E4E384EF202D9A8D00E0533D /* main.m */,
			);
			path = "09-UIscrollView01-大图展示";
			sourceTree = "<group>";
		};
		E4E384F8202D9A8D00E0533D /* 09-UIscrollView01-大图展示Tests */ = {
			isa = PBXGroup;
			children = (
				E4E384F9202D9A8D00E0533D /* _9_UIscrollView01_____Tests.m */,
				E4E384FB202D9A8D00E0533D /* Info.plist */,
			);
			path = "09-UIscrollView01-大图展示Tests";
			sourceTree = "<group>";
		};
		E4E38503202D9A8D00E0533D /* 09-UIscrollView01-大图展示UITests */ = {
			isa = PBXGroup;
			children = (
				E4E38504202D9A8D00E0533D /* _9_UIscrollView01_____UITests.m */,
				E4E38506202D9A8D00E0533D /* Info.plist */,
			);
			path = "09-UIscrollView01-大图展示UITests";
			sourceTree = "<group>";
		};
/* End PBXGroup section */

/* Begin PBXNativeTarget section */
		E4E384DC202D9A8D00E0533D /* 09-UIscrollView01-大图展示 */ = {
			isa = PBXNativeTarget;
			buildConfigurationList = E4E38509202D9A8D00E0533D /* Build configuration list for PBXNativeTarget "09-UIscrollView01-大图展示" */;
			buildPhases = (
				E4E384D9202D9A8D00E0533D /* Sources */,
				E4E384DA202D9A8D00E0533D /* Frameworks */,
				E4E384DB202D9A8D00E0533D /* Resources */,
			);
			buildRules = (
			);
			dependencies = (
			);
			name = "09-UIscrollView01-大图展示";
			productName = "09-UIscrollView01-大图展示";
			productReference = E4E384DD202D9A8D00E0533D /* 09-UIscrollView01-大图展示.app */;
			productType = "com.apple.product-type.application";
		};
		E4E384F4202D9A8D00E0533D /* 09-UIscrollView01-大图展示Tests */ = {
			isa = PBXNativeTarget;
			buildConfigurationList = E4E3850C202D9A8D00E0533D /* Build configuration list for PBXNativeTarget "09-UIscrollView01-大图展示Tests" */;
			buildPhases = (
				E4E384F1202D9A8D00E0533D /* Sources */,
				E4E384F2202D9A8D00E0533D /* Frameworks */,
				E4E384F3202D9A8D00E0533D /* Resources */,
			);
			buildRules = (
			);
			dependencies = (
				E4E384F7202D9A8D00E0533D /* PBXTargetDependency */,
			);
			name = "09-UIscrollView01-大图展示Tests";
			productName = "09-UIscrollView01-大图展示Tests";
			productReference = E4E384F5202D9A8D00E0533D /* 09-UIscrollView01-大图展示Tests.xctest */;
			productType = "com.apple.product-type.bundle.unit-test";
		};
		E4E384FF202D9A8D00E0533D /* 09-UIscrollView01-大图展示UITests */ = {
			isa = PBXNativeTarget;
			buildConfigurationList = E4E3850F202D9A8D00E0533D /* Build configuration list for PBXNativeTarget "09-UIscrollView01-大图展示UITests" */;
			buildPhases = (
				E4E384FC202D9A8D00E0533D /* Sources */,
				E4E384FD202D9A8D00E0533D /* Frameworks */,
				E4E384FE202D9A8D00E0533D /* Resources */,
			);
			buildRules = (
			);
			dependencies = (
				E4E38502202D9A8D00E0533D /* PBXTargetDependency */,
			);
			name = "09-UIscrollView01-大图展示UITests";
			productName = "09-UIscrollView01-大图展示UITests";
			productReference = E4E38500202D9A8D00E0533D /* 09-UIscrollView01-大图展示UITests.xctest */;
			productType = "com.apple.product-type.bundle.ui-testing";
		};
/* End PBXNativeTarget section */

/* Begin PBXProject section */
		E4E384D5202D9A8D00E0533D /* Project object */ = {
			isa = PBXProject;
			attributes = {
				LastUpgradeCheck = 0920;
				ORGANIZATIONNAME = captain;
				TargetAttributes = {
					E4E384DC202D9A8D00E0533D = {
						CreatedOnToolsVersion = 9.2;
						ProvisioningStyle = Automatic;
					};
					E4E384F4202D9A8D00E0533D = {
						CreatedOnToolsVersion = 9.2;
						ProvisioningStyle = Automatic;
						TestTargetID = E4E384DC202D9A8D00E0533D;
					};
					E4E384FF202D9A8D00E0533D = {
						CreatedOnToolsVersion = 9.2;
						ProvisioningStyle = Automatic;
						TestTargetID = E4E384DC202D9A8D00E0533D;
					};
				};
			};
			buildConfigurationList = E4E384D8202D9A8D00E0533D /* Build configuration list for PBXProject "09-UIscrollView01-大图展示" */;
			compatibilityVersion = "Xcode 8.0";
			developmentRegion = en;
			hasScannedForEncodings = 0;
			knownRegions = (
				en,
				Base,
			);
			mainGroup = E4E384D4202D9A8D00E0533D;
			productRefGroup = E4E384DE202D9A8D00E0533D /* Products */;
			projectDirPath = "";
			projectRoot = "";
			targets = (
				E4E384DC202D9A8D00E0533D /* 09-UIscrollView01-大图展示 */,
				E4E384F4202D9A8D00E0533D /* 09-UIscrollView01-大图展示Tests */,
				E4E384FF202D9A8D00E0533D /* 09-UIscrollView01-大图展示UITests */,
			);
		};
/* End PBXProject section */

/* Begin PBXResourcesBuildPhase section */
		E4E384DB202D9A8D00E0533D /* Resources */ = {
			isa = PBXResourcesBuildPhase;
			buildActionMask = 2147483647;
			files = (
				E4E384ED202D9A8D00E0533D /* LaunchScreen.storyboard in Resources */,
				E4E384EA202D9A8D00E0533D /* Assets.xcassets in Resources */,
				E4E384E8202D9A8D00E0533D /* Main.storyboard in Resources */,
			);
			runOnlyForDeploymentPostprocessing = 0;
		};
		E4E384F3202D9A8D00E0533D /* Resources */ = {
			isa = PBXResourcesBuildPhase;
			buildActionMask = 2147483647;
			files = (
			);
			runOnlyForDeploymentPostprocessing = 0;
		};
		E4E384FE202D9A8D00E0533D /* Resources */ = {
			isa = PBXResourcesBuildPhase;
			buildActionMask = 2147483647;
			files = (
			);
			runOnlyForDeploymentPostprocessing = 0;
		};
/* End PBXResourcesBuildPhase section */

/* Begin PBXSourcesBuildPhase section */
		E4E384D9202D9A8D00E0533D /* Sources */ = {
			isa = PBXSourcesBuildPhase;
			buildActionMask = 2147483647;
			files = (
				E4E384E5202D9A8D00E0533D /* ViewController.m in Sources */,
				E4E384F0202D9A8D00E0533D /* main.m in Sources */,
				E4E384E2202D9A8D00E0533D /* AppDelegate.m in Sources */,
			);
			runOnlyForDeploymentPostprocessing = 0;
		};
		E4E384F1202D9A8D00E0533D /* Sources */ = {
			isa = PBXSourcesBuildPhase;
			buildActionMask = 2147483647;
			files = (
				E4E384FA202D9A8D00E0533D /* _9_UIscrollView01_____Tests.m in Sources */,
			);
			runOnlyForDeploymentPostprocessing = 0;
		};
		E4E384FC202D9A8D00E0533D /* Sources */ = {
			isa = PBXSourcesBuildPhase;
			buildActionMask = 2147483647;
			files = (
				E4E38505202D9A8D00E0533D /* _9_UIscrollView01_____UITests.m in Sources */,
			);
			runOnlyForDeploymentPostprocessing = 0;
		};
/* End PBXSourcesBuildPhase section */

/* Begin PBXTargetDependency section */
		E4E384F7202D9A8D00E0533D /* PBXTargetDependency */ = {
			isa = PBXTargetDependency;
			target = E4E384DC202D9A8D00E0533D /* 09-UIscrollView01-大图展示 */;
			targetProxy = E4E384F6202D9A8D00E0533D /* PBXContainerItemProxy */;
		};
		E4E38502202D9A8D00E0533D /* PBXTargetDependency */ = {
			isa = PBXTargetDependency;
			target = E4E384DC202D9A8D00E0533D /* 09-UIscrollView01-大图展示 */;
			targetProxy = E4E38501202D9A8D00E0533D /* PBXContainerItemProxy */;
		};
/* End PBXTargetDependency section */

/* Begin PBXVariantGroup section */
		E4E384E6202D9A8D00E0533D /* Main.storyboard */ = {
			isa = PBXVariantGroup;
			children = (
				E4E384E7202D9A8D00E0533D /* Base */,
			);
			name = Main.storyboard;
			sourceTree = "<group>";
		};
		E4E384EB202D9A8D00E0533D /* LaunchScreen.storyboard */ = {
			isa = PBXVariantGroup;
			children = (
				E4E384EC202D9A8D00E0533D /* Base */,
			);
			name = LaunchScreen.storyboard;
			sourceTree = "<group>";
		};
/* End PBXVariantGroup section */

/* Begin XCBuildConfiguration section */
		E4E38507202D9A8D00E0533D /* Debug */ = {
			isa = XCBuildConfiguration;
			buildSettings = {
				ALWAYS_SEARCH_USER_PATHS = NO;
				CLANG_ANALYZER_NONNULL = YES;
				CLANG_ANALYZER_NUMBER_OBJECT_CONVERSION = YES_AGGRESSIVE;
				CLANG_CXX_LANGUAGE_STANDARD = "gnu++14";
				CLANG_CXX_LIBRARY = "libc++";
				CLANG_ENABLE_MODULES = YES;
				CLANG_ENABLE_OBJC_ARC = YES;
				CLANG_WARN_BLOCK_CAPTURE_AUTORELEASING = YES;
				CLANG_WARN_BOOL_CONVERSION = YES;
				CLANG_WARN_COMMA = YES;
				CLANG_WARN_CONSTANT_CONVERSION = YES;
				CLANG_WARN_DIRECT_OBJC_ISA_USAGE = YES_ERROR;
				CLANG_WARN_DOCUMENTATION_COMMENTS = YES;
				CLANG_WARN_EMPTY_BODY = YES;
				CLANG_WARN_ENUM_CONVERSION = YES;
				CLANG_WARN_INFINITE_RECURSION = YES;
				CLANG_WARN_INT_CONVERSION = YES;
				CLANG_WARN_NON_LITERAL_NULL_CONVERSION = YES;
				CLANG_WARN_OBJC_LITERAL_CONVERSION = YES;
				CLANG_WARN_OBJC_ROOT_CLASS = YES_ERROR;
				CLANG_WARN_RANGE_LOOP_ANALYSIS = YES;
				CLANG_WARN_STRICT_PROTOTYPES = YES;
				CLANG_WARN_SUSPICIOUS_MOVE = YES;
				CLANG_WARN_UNGUARDED_AVAILABILITY = YES_AGGRESSIVE;
				CLANG_WARN_UNREACHABLE_CODE = YES;
				CLANG_WARN__DUPLICATE_METHOD_MATCH = YES;
				CODE_SIGN_IDENTITY = "iPhone Developer";
				COPY_PHASE_STRIP = NO;
				DEBUG_INFORMATION_FORMAT = dwarf;
				ENABLE_STRICT_OBJC_MSGSEND = YES;
				ENABLE_TESTABILITY = YES;
				GCC_C_LANGUAGE_STANDARD = gnu11;
				GCC_DYNAMIC_NO_PIC = NO;
				GCC_NO_COMMON_BLOCKS = YES;
				GCC_OPTIMIZATION_LEVEL = 0;
				GCC_PREPROCESSOR_DEFINITIONS = (
					"DEBUG=1",
					"$(inherited)",
				);
				GCC_WARN_64_TO_32_BIT_CONVERSION = YES;
				GCC_WARN_ABOUT_RETURN_TYPE = YES_ERROR;
				GCC_WARN_UNDECLARED_SELECTOR = YES;
				GCC_WARN_UNINITIALIZED_AUTOS = YES_AGGRESSIVE;
				GCC_WARN_UNUSED_FUNCTION = YES;
				GCC_WARN_UNUSED_VARIABLE = YES;
				IPHONEOS_DEPLOYMENT_TARGET = 11.2;
				MTL_ENABLE_DEBUG_INFO = YES;
				ONLY_ACTIVE_ARCH = YES;
				SDKROOT = iphoneos;
			};
			name = Debug;
		};
		E4E38508202D9A8D00E0533D /* Release */ = {
			isa = XCBuildConfiguration;
			buildSettings = {
				ALWAYS_SEARCH_USER_PATHS = NO;
				CLANG_ANALYZER_NONNULL = YES;
				CLANG_ANALYZER_NUMBER_OBJECT_CONVERSION = YES_AGGRESSIVE;
				CLANG_CXX_LANGUAGE_STANDARD = "gnu++14";
				CLANG_CXX_LIBRARY = "libc++";
				CLANG_ENABLE_MODULES = YES;
				CLANG_ENABLE_OBJC_ARC = YES;
				CLANG_WARN_BLOCK_CAPTURE_AUTORELEASING = YES;
				CLANG_WARN_BOOL_CONVERSION = YES;
				CLANG_WARN_COMMA = YES;
				CLANG_WARN_CONSTANT_CONVERSION = YES;
				CLANG_WARN_DIRECT_OBJC_ISA_USAGE = YES_ERROR;
				CLANG_WARN_DOCUMENTATION_COMMENTS = YES;
				CLANG_WARN_EMPTY_BODY = YES;
				CLANG_WARN_ENUM_CONVERSION = YES;
				CLANG_WARN_INFINITE_RECURSION = YES;
				CLANG_WARN_INT_CONVERSION = YES;
				CLANG_WARN_NON_LITERAL_NULL_CONVERSION = YES;
				CLANG_WARN_OBJC_LITERAL_CONVERSION = YES;
				CLANG_WARN_OBJC_ROOT_CLASS = YES_ERROR;
				CLANG_WARN_RANGE_LOOP_ANALYSIS = YES;
				CLANG_WARN_STRICT_PROTOTYPES = YES;
				CLANG_WARN_SUSPICIOUS_MOVE = YES;
				CLANG_WARN_UNGUARDED_AVAILABILITY = YES_AGGRESSIVE;
				CLANG_WARN_UNREACHABLE_CODE = YES;
				CLANG_WARN__DUPLICATE_METHOD_MATCH = YES;
				CODE_SIGN_IDENTITY = "iPhone Developer";
				COPY_PHASE_STRIP = NO;
				DEBUG_INFORMATION_FORMAT = "dwarf-with-dsym";
				ENABLE_NS_ASSERTIONS = NO;
				ENABLE_STRICT_OBJC_MSGSEND = YES;
				GCC_C_LANGUAGE_STANDARD = gnu11;
				GCC_NO_COMMON_BLOCKS = YES;
				GCC_WARN_64_TO_32_BIT_CONVERSION = YES;
				GCC_WARN_ABOUT_RETURN_TYPE = YES_ERROR;
				GCC_WARN_UNDECLARED_SELECTOR = YES;
				GCC_WARN_UNINITIALIZED_AUTOS = YES_AGGRESSIVE;
				GCC_WARN_UNUSED_FUNCTION = YES;
				GCC_WARN_UNUSED_VARIABLE = YES;
				IPHONEOS_DEPLOYMENT_TARGET = 11.2;
				MTL_ENABLE_DEBUG_INFO = NO;
				SDKROOT = iphoneos;
				VALIDATE_PRODUCT = YES;
			};
			name = Release;
		};
		E4E3850A202D9A8D00E0533D /* Debug */ = {
			isa = XCBuildConfiguration;
			buildSettings = {
				ASSETCATALOG_COMPILER_APPICON_NAME = AppIcon;
				CODE_SIGN_STYLE = Automatic;
				DEVELOPMENT_TEAM = G5LC679EYX;
				INFOPLIST_FILE = "09-UIscrollView01-大图展示/Info.plist";
				LD_RUNPATH_SEARCH_PATHS = "$(inherited) @executable_path/Frameworks";
				PRODUCT_BUNDLE_IDENTIFIER = "com.thinkofsomethingclever.-9-UIscrollView01-----";
				PRODUCT_NAME = "$(TARGET_NAME)";
				TARGETED_DEVICE_FAMILY = "1,2";
			};
			name = Debug;
		};
		E4E3850B202D9A8D00E0533D /* Release */ = {
			isa = XCBuildConfiguration;
			buildSettings = {
				ASSETCATALOG_COMPILER_APPICON_NAME = AppIcon;
				CODE_SIGN_STYLE = Automatic;
				DEVELOPMENT_TEAM = G5LC679EYX;
				INFOPLIST_FILE = "09-UIscrollView01-大图展示/Info.plist";
				LD_RUNPATH_SEARCH_PATHS = "$(inherited) @executable_path/Frameworks";
				PRODUCT_BUNDLE_IDENTIFIER = "com.thinkofsomethingclever.-9-UIscrollView01-----";
				PRODUCT_NAME = "$(TARGET_NAME)";
				TARGETED_DEVICE_FAMILY = "1,2";
			};
			name = Release;
		};
		E4E3850D202D9A8D00E0533D /* Debug */ = {
			isa = XCBuildConfiguration;
			buildSettings = {
				BUNDLE_LOADER = "$(TEST_HOST)";
				CODE_SIGN_STYLE = Automatic;
				DEVELOPMENT_TEAM = G5LC679EYX;
				INFOPLIST_FILE = "09-UIscrollView01-大图展示Tests/Info.plist";
				LD_RUNPATH_SEARCH_PATHS = "$(inherited) @executable_path/Frameworks @loader_path/Frameworks";
				PRODUCT_BUNDLE_IDENTIFIER = "com.thinkofsomethingclever.-9-UIscrollView01-----Tests";
				PRODUCT_NAME = "$(TARGET_NAME)";
				TARGETED_DEVICE_FAMILY = "1,2";
				TEST_HOST = "$(BUILT_PRODUCTS_DIR)/09-UIscrollView01-大图展示.app/09-UIscrollView01-大图展示";
			};
			name = Debug;
		};
		E4E3850E202D9A8D00E0533D /* Release */ = {
			isa = XCBuildConfiguration;
			buildSettings = {
				BUNDLE_LOADER = "$(TEST_HOST)";
				CODE_SIGN_STYLE = Automatic;
				DEVELOPMENT_TEAM = G5LC679EYX;
				INFOPLIST_FILE = "09-UIscrollView01-大图展示Tests/Info.plist";
				LD_RUNPATH_SEARCH_PATHS = "$(inherited) @executable_path/Frameworks @loader_path/Frameworks";
				PRODUCT_BUNDLE_IDENTIFIER = "com.thinkofsomethingclever.-9-UIscrollView01-----Tests";
				PRODUCT_NAME = "$(TARGET_NAME)";
				TARGETED_DEVICE_FAMILY = "1,2";
				TEST_HOST = "$(BUILT_PRODUCTS_DIR)/09-UIscrollView01-大图展示.app/09-UIscrollView01-大图展示";
			};
			name = Release;
		};
		E4E38510202D9A8D00E0533D /* Debug */ = {
			isa = XCBuildConfiguration;
			buildSettings = {
				CODE_SIGN_STYLE = Automatic;
				DEVELOPMENT_TEAM = G5LC679EYX;
				INFOPLIST_FILE = "09-UIscrollView01-大图展示UITests/Info.plist";
				LD_RUNPATH_SEARCH_PATHS = "$(inherited) @executable_path/Frameworks @loader_path/Frameworks";
				PRODUCT_BUNDLE_IDENTIFIER = "com.thinkofsomethingclever.-9-UIscrollView01-----UITests";
				PRODUCT_NAME = "$(TARGET_NAME)";
				TARGETED_DEVICE_FAMILY = "1,2";
				TEST_TARGET_NAME = "09-UIscrollView01-大图展示";
			};
			name = Debug;
		};
		E4E38511202D9A8D00E0533D /* Release */ = {
			isa = XCBuildConfiguration;
			buildSettings = {
				CODE_SIGN_STYLE = Automatic;
				DEVELOPMENT_TEAM = G5LC679EYX;
				INFOPLIST_FILE = "09-UIscrollView01-大图展示UITests/Info.plist";
				LD_RUNPATH_SEARCH_PATHS = "$(inherited) @executable_path/Frameworks @loader_path/Frameworks";
				PRODUCT_BUNDLE_IDENTIFIER = "com.thinkofsomethingclever.-9-UIscrollView01-----UITests";
				PRODUCT_NAME = "$(TARGET_NAME)";
				TARGETED_DEVICE_FAMILY = "1,2";
				TEST_TARGET_NAME = "09-UIscrollView01-大图展示";
			};
			name = Release;
		};
/* End XCBuildConfiguration section */

/* Begin XCConfigurationList section */
		E4E384D8202D9A8D00E0533D /* Build configuration list for PBXProject "09-UIscrollView01-大图展示" */ = {
			isa = XCConfigurationList;
			buildConfigurations = (
				E4E38507202D9A8D00E0533D /* Debug */,
				E4E38508202D9A8D00E0533D /* Release */,
			);
			defaultConfigurationIsVisible = 0;
			defaultConfigurationName = Release;
		};
		E4E38509202D9A8D00E0533D /* Build configuration list for PBXNativeTarget "09-UIscrollView01-大图展示" */ = {
			isa = XCConfigurationList;
			buildConfigurations = (
				E4E3850A202D9A8D00E0533D /* Debug */,
				E4E3850B202D9A8D00E0533D /* Release */,
			);
			defaultConfigurationIsVisible = 0;
			defaultConfigurationName = Release;
		};
		E4E3850C202D9A8D00E0533D /* Build configuration list for PBXNativeTarget "09-UIscrollView01-大图展示Tests" */ = {
			isa = XCConfigurationList;
			buildConfigurations = (
				E4E3850D202D9A8D00E0533D /* Debug */,
				E4E3850E202D9A8D00E0533D /* Release */,
			);
			defaultConfigurationIsVisible = 0;
			defaultConfigurationName = Release;
		};
		E4E3850F202D9A8D00E0533D /* Build configuration list for PBXNativeTarget "09-UIscrollView01-大图展示UITests" */ = {
			isa = XCConfigurationList;
			buildConfigurations = (
				E4E38510202D9A8D00E0533D /* Debug */,
				E4E38511202D9A8D00E0533D /* Release */,
			);
			defaultConfigurationIsVisible = 0;
			defaultConfigurationName = Release;
		};
/* End XCConfigurationList section */
	};
	rootObject = E4E384D5202D9A8D00E0533D /* Project object */;
}
